PODS:
  - Alamofire (5.4.3)
  - Cosmos (23.0.0)
  - RxCocoa (6.2.0):
    - RxRelay (= 6.2.0)
    - RxSwift (= 6.2.0)
  - RxRelay (6.2.0):
    - RxSwift (= 6.2.0)
  - RxSwift (6.2.0)
  - SDWebImage (5.11.1):
    - SDWebImage/Core (= 5.11.1)
  - SDWebImage/Core (5.11.1)
  - SDWebImageSwiftUI (2.0.2):
    - SDWebImage (~> 5.10)
  - TMDBSwift (0.5.1)

DEPENDENCIES:
  - Alamofire
  - Cosmos
  - RxCocoa
  - RxSwift
  - SDWebImage
  - SDWebImageSwiftUI
  - TMDBSwift

SPEC REPOS:
  trunk:
    - Alamofire
    - Cosmos
    - RxCocoa
    - RxRelay
    - RxSwift
    - SDWebImage
    - SDWebImageSwiftUI
    - TMDBSwift

SPEC CHECKSUMS:
  Alamofire: e447a2774a40c996748296fa2c55112fdbbc42f9
  Cosmos: b5c6a9a637e28a061b54c8f8b1d8529d7d4db73f
  RxCocoa: 4baf94bb35f2c0ab31bc0cb9f1900155f646ba42
  RxRelay: e72dbfd157807478401ef1982e1c61c945c94b2f
  RxSwift: d356ab7bee873611322f134c5f9ef379fa183d8f
  SDWebImage: a7f831e1a65eb5e285e3fb046a23fcfbf08e696d
  SDWebImageSwiftUI: 8a3923c95108312b03a599ec1498754af55a6819
  TMDBSwift: 9220f3dcee23372c05b92f8c111f5f4c37185aee

PODFILE CHECKSUM: bdf13971d10a4caa51004ab51f5fe1239e02e52a

COCOAPODS: 1.11.2
