// !$*UTF8*$!
{
	archiveVersion = 1;
	classes = {
	};
	objectVersion = 55;
	objects = {

/* Begin PBXBuildFile section */
		1E09E4A226C876290015574C /* NavigationConfigurator.swift in Sources */ = {isa = PBXBuildFile; fileRef = 1E09E4A126C876290015574C /* NavigationConfigurator.swift */; };
		1E0AA5A726C41DDD00B3C7F5 /* MediaCastView.swift in Sources */ = {isa = PBXBuildFile; fileRef = 1E0AA5A626C41DDD00B3C7F5 /* MediaCastView.swift */; };
		1E0AA5A926C41E3D00B3C7F5 /* MediaCastInteractor.swift in Sources */ = {isa = PBXBuildFile; fileRef = 1E0AA5A826C41E3D00B3C7F5 /* MediaCastInteractor.swift */; };
		1E0AA5AB26C41E5100B3C7F5 /* MediaCastPresenter.swift in Sources */ = {isa = PBXBuildFile; fileRef = 1E0AA5AA26C41E5100B3C7F5 /* MediaCastPresenter.swift */; };
		1E0AA5AD26C422F300B3C7F5 /* MediaDetailPresenter.swift in Sources */ = {isa = PBXBuildFile; fileRef = 1E0AA5AC26C422F300B3C7F5 /* MediaDetailPresenter.swift */; };
		1E0AA5AF26C4230900B3C7F5 /* MediaDetailInteractor.swift in Sources */ = {isa = PBXBuildFile; fileRef = 1E0AA5AE26C4230900B3C7F5 /* MediaDetailInteractor.swift */; };
		1E2AD90726ECFDB200EBB78D /* ArtistDetailPresenter.swift in Sources */ = {isa = PBXBuildFile; fileRef = 1E2AD90626ECFDB200EBB78D /* ArtistDetailPresenter.swift */; };
		1E2AD90926ED0D3C00EBB78D /* ArtistDetailEntity.swift in Sources */ = {isa = PBXBuildFile; fileRef = 1E2AD90826ED0D3C00EBB78D /* ArtistDetailEntity.swift */; };
		1E2AD90B26ED1D1F00EBB78D /* ArtistDetailTabView.swift in Sources */ = {isa = PBXBuildFile; fileRef = 1E2AD90A26ED1D1F00EBB78D /* ArtistDetailTabView.swift */; };
		1E62DF7326C68BA90003400E /* ISO639_1.swift in Sources */ = {isa = PBXBuildFile; fileRef = 1E62DF7126C68BA90003400E /* ISO639_1.swift */; };
		1E62DF7426C68BA90003400E /* ISO3166_2.swift in Sources */ = {isa = PBXBuildFile; fileRef = 1E62DF7226C68BA90003400E /* ISO3166_2.swift */; };
		1E632C6B26ECF58D005780FD /* ArtistDetailView.swift in Sources */ = {isa = PBXBuildFile; fileRef = 1E632C6A26ECF58D005780FD /* ArtistDetailView.swift */; };
		1E632C6D26ECF5C5005780FD /* ArtistDetailInteractor.swift in Sources */ = {isa = PBXBuildFile; fileRef = 1E632C6C26ECF5C5005780FD /* ArtistDetailInteractor.swift */; };
		1E71A19226E938E100AD4055 /* CastView.swift in Sources */ = {isa = PBXBuildFile; fileRef = 1E71A19126E938E100AD4055 /* CastView.swift */; };
		1E71A19426E9391000AD4055 /* CastPresenter.swift in Sources */ = {isa = PBXBuildFile; fileRef = 1E71A19326E9391000AD4055 /* CastPresenter.swift */; };
		1E71A19626E9391C00AD4055 /* CastInteractor.swift in Sources */ = {isa = PBXBuildFile; fileRef = 1E71A19526E9391C00AD4055 /* CastInteractor.swift */; };
		1E71A19826E939A900AD4055 /* CastEntity.swift in Sources */ = {isa = PBXBuildFile; fileRef = 1E71A19726E939A900AD4055 /* CastEntity.swift */; };
		1E71A19A26E93B3C00AD4055 /* CastItemView.swift in Sources */ = {isa = PBXBuildFile; fileRef = 1E71A19926E93B3C00AD4055 /* CastItemView.swift */; };
		1E71A19C26E97A2A00AD4055 /* CastMemberEntity.swift in Sources */ = {isa = PBXBuildFile; fileRef = 1E71A19B26E97A2A00AD4055 /* CastMemberEntity.swift */; };
		1E85901326926E7200901E03 /* MediaDetailView.swift in Sources */ = {isa = PBXBuildFile; fileRef = 1E85901226926E7200901E03 /* MediaDetailView.swift */; };
		1E88CF3326755A410066D6AB /* MediaListView.swift in Sources */ = {isa = PBXBuildFile; fileRef = 1E88CF3226755A410066D6AB /* MediaListView.swift */; };
		1E8BA16826E80DCB0027CBD3 /* MediaType.swift in Sources */ = {isa = PBXBuildFile; fileRef = 1E8BA16726E80DCB0027CBD3 /* MediaType.swift */; };
		1E8C1B082665AED900622665 /* DiscoverSlice.swift in Sources */ = {isa = PBXBuildFile; fileRef = 1E8C1B072665AED900622665 /* DiscoverSlice.swift */; };
		1E8CF81A2680044D003BDB35 /* HideNavigationBarModifier.swift in Sources */ = {isa = PBXBuildFile; fileRef = 1E8CF8192680044D003BDB35 /* HideNavigationBarModifier.swift */; };
		1E8CF81F26800482003BDB35 /* View+Extensions.swift in Sources */ = {isa = PBXBuildFile; fileRef = 1E8CF81E26800482003BDB35 /* View+Extensions.swift */; };
		1EA727442676CD6B0002BF85 /* MediaSection.swift in Sources */ = {isa = PBXBuildFile; fileRef = 1EA727432676CD6B0002BF85 /* MediaSection.swift */; };
		1EB545CC2673DF4B008BDE2A /* ArtistItemView.swift in Sources */ = {isa = PBXBuildFile; fileRef = 1EB545CB2673DF4B008BDE2A /* ArtistItemView.swift */; };
		1EB545D12673E48C008BDE2A /* ArtistInteractor.swift in Sources */ = {isa = PBXBuildFile; fileRef = 1EB545D02673E48C008BDE2A /* ArtistInteractor.swift */; };
		1EB545D62673E497008BDE2A /* ArtistPresenter.swift in Sources */ = {isa = PBXBuildFile; fileRef = 1EB545D52673E497008BDE2A /* ArtistPresenter.swift */; };
		1EB545DB2673E930008BDE2A /* AritstEntity.swift in Sources */ = {isa = PBXBuildFile; fileRef = 1EB545DA2673E930008BDE2A /* AritstEntity.swift */; };
		1EB8DE6126C07FE400DE2522 /* MediaDetailTabView.swift in Sources */ = {isa = PBXBuildFile; fileRef = 1EB8DE6026C07FE400DE2522 /* MediaDetailTabView.swift */; };
		1EBC9EE0272CA98100669463 /* ArtistImageEntity.swift in Sources */ = {isa = PBXBuildFile; fileRef = 1EBC9EDF272CA98100669463 /* ArtistImageEntity.swift */; };
		1ECB346126C5AA5300735CAE /* MediaDetailEntity.swift in Sources */ = {isa = PBXBuildFile; fileRef = 1ECB346026C5AA5300735CAE /* MediaDetailEntity.swift */; };
		1ED91A4B273B33FA00676C9E /* MediaCreditEntity.swift in Sources */ = {isa = PBXBuildFile; fileRef = 1ED91A4A273B33FA00676C9E /* MediaCreditEntity.swift */; };
		1ED9C3A126755D0B0030A62B /* StarsView.swift in Sources */ = {isa = PBXBuildFile; fileRef = 1ED9C3A026755D0B0030A62B /* StarsView.swift */; };
		1ED9C3A626756DC90030A62B /* MediaListItemView.swift in Sources */ = {isa = PBXBuildFile; fileRef = 1ED9C3A526756DC90030A62B /* MediaListItemView.swift */; };
		1ED9C3AB267571660030A62B /* MediaListPresenter.swift in Sources */ = {isa = PBXBuildFile; fileRef = 1ED9C3AA267571660030A62B /* MediaListPresenter.swift */; };
		1ED9C3B0267571720030A62B /* MediaInteractor.swift in Sources */ = {isa = PBXBuildFile; fileRef = 1ED9C3AF267571720030A62B /* MediaInteractor.swift */; };
		C5B082B06436BA27328E9165 /* Pods_Watchlist.framework in Frameworks */ = {isa = PBXBuildFile; fileRef = 56D5C10A36AC73911290D272 /* Pods_Watchlist.framework */; };
		DD02ECCD28DF9C7400D230F9 /* FavoritesView.swift in Sources */ = {isa = PBXBuildFile; fileRef = DD02ECCC28DF9C7400D230F9 /* FavoritesView.swift */; };
		DD02ECCF28DF9C9D00D230F9 /* FavoritesPresenter.swift in Sources */ = {isa = PBXBuildFile; fileRef = DD02ECCE28DF9C9D00D230F9 /* FavoritesPresenter.swift */; };
		DD02ECD128DF9CE100D230F9 /* FavoritesInteractor.swift in Sources */ = {isa = PBXBuildFile; fileRef = DD02ECD028DF9CE100D230F9 /* FavoritesInteractor.swift */; };
		DD045472260A171900DFEFE6 /* WatchlistApp.swift in Sources */ = {isa = PBXBuildFile; fileRef = DD045471260A171900DFEFE6 /* WatchlistApp.swift */; };
		DD045474260A171900DFEFE6 /* ContentView.swift in Sources */ = {isa = PBXBuildFile; fileRef = DD045473260A171900DFEFE6 /* ContentView.swift */; };
		DD045476260A171C00DFEFE6 /* Assets.xcassets in Resources */ = {isa = PBXBuildFile; fileRef = DD045475260A171C00DFEFE6 /* Assets.xcassets */; };
		DD045479260A171C00DFEFE6 /* Preview Assets.xcassets in Resources */ = {isa = PBXBuildFile; fileRef = DD045478260A171C00DFEFE6 /* Preview Assets.xcassets */; };
		DD04547B260A171C00DFEFE6 /* Persistence.swift in Sources */ = {isa = PBXBuildFile; fileRef = DD04547A260A171C00DFEFE6 /* Persistence.swift */; };
		DD04547E260A171C00DFEFE6 /* Watchlist.xcdatamodeld in Sources */ = {isa = PBXBuildFile; fileRef = DD04547C260A171C00DFEFE6 /* Watchlist.xcdatamodeld */; };
		DD045489260A171D00DFEFE6 /* WatchlistTests.swift in Sources */ = {isa = PBXBuildFile; fileRef = DD045488260A171D00DFEFE6 /* WatchlistTests.swift */; };
		DD045494260A171D00DFEFE6 /* WatchlistUITests.swift in Sources */ = {isa = PBXBuildFile; fileRef = DD045493260A171D00DFEFE6 /* WatchlistUITests.swift */; };
		DD358CFE28D67A77004F62F6 /* CastInteractorMock.swift in Sources */ = {isa = PBXBuildFile; fileRef = DD358CFD28D67A77004F62F6 /* CastInteractorMock.swift */; };
		DD358D0028D67C29004F62F6 /* MovieListInteractorMock.swift in Sources */ = {isa = PBXBuildFile; fileRef = DD358CFF28D67C29004F62F6 /* MovieListInteractorMock.swift */; };
		DD4BB79A264C02F600E07C5F /* Color+Extensions.swift in Sources */ = {isa = PBXBuildFile; fileRef = DD4BB799264C02F600E07C5F /* Color+Extensions.swift */; };
		DD4BB7AF264C54AD00E07C5F /* DashboardView.swift in Sources */ = {isa = PBXBuildFile; fileRef = DD4BB7AE264C54AD00E07C5F /* DashboardView.swift */; };
		DD4BB7CC264CA21C00E07C5F /* DiscoverView.swift in Sources */ = {isa = PBXBuildFile; fileRef = DD4BB7CB264CA21C00E07C5F /* DiscoverView.swift */; };
		DD4BB7D6264CA5C400E07C5F /* ArtistsView.swift in Sources */ = {isa = PBXBuildFile; fileRef = DD4BB7D5264CA5C400E07C5F /* ArtistsView.swift */; };
		DD4BB7E0264CAF4400E07C5F /* DiscoverPresenter.swift in Sources */ = {isa = PBXBuildFile; fileRef = DD4BB7DF264CAF4400E07C5F /* DiscoverPresenter.swift */; };
		DD4C9EF928DE0C2A00BD2B48 /* FavoriteMovieStorage.swift in Sources */ = {isa = PBXBuildFile; fileRef = DD4C9EF828DE0C2A00BD2B48 /* FavoriteMovieStorage.swift */; };
		DD4C9EFB28DE0DF800BD2B48 /* FavoriteStorage.swift in Sources */ = {isa = PBXBuildFile; fileRef = DD4C9EFA28DE0DF800BD2B48 /* FavoriteStorage.swift */; };
		DD4C9EFD28DE108B00BD2B48 /* FavoriteTVSerieStorage.swift in Sources */ = {isa = PBXBuildFile; fileRef = DD4C9EFC28DE108B00BD2B48 /* FavoriteTVSerieStorage.swift */; };
		DD4C9EFF28DE16B900BD2B48 /* FavoriteArtistStorage.swift in Sources */ = {isa = PBXBuildFile; fileRef = DD4C9EFE28DE16B900BD2B48 /* FavoriteArtistStorage.swift */; };
		DD5D490D28D745A400FD1B10 /* RequestManagerMock.swift in Sources */ = {isa = PBXBuildFile; fileRef = DD5D490C28D745A400FD1B10 /* RequestManagerMock.swift */; };
		DD5D490F28D7AE7400FD1B10 /* MediaNetworkRequest.swift in Sources */ = {isa = PBXBuildFile; fileRef = DD5D490E28D7AE7400FD1B10 /* MediaNetworkRequest.swift */; };
		DD5DE043265D96D500E06B4B /* DiscoverSliceItem.swift in Sources */ = {isa = PBXBuildFile; fileRef = DD5DE042265D96D500E06B4B /* DiscoverSliceItem.swift */; };
		DD5DE058265EDD3800E06B4B /* DiscoverSectionItemEntity.swift in Sources */ = {isa = PBXBuildFile; fileRef = DD5DE057265EDD3800E06B4B /* DiscoverSectionItemEntity.swift */; };
		DD951E9128A1037D00701111 /* CachedAsyncImage in Frameworks */ = {isa = PBXBuildFile; productRef = DD951E9028A1037D00701111 /* CachedAsyncImage */; };
		DDB8B9612896C0AC00E7F569 /* DataParser.swift in Sources */ = {isa = PBXBuildFile; fileRef = DDB8B9602896C0AC00E7F569 /* DataParser.swift */; };
		DDB8B9632896C0BF00E7F569 /* APIManager.swift in Sources */ = {isa = PBXBuildFile; fileRef = DDB8B9622896C0BF00E7F569 /* APIManager.swift */; };
		DDB8B9652896C0CF00E7F569 /* NetworkError.swift in Sources */ = {isa = PBXBuildFile; fileRef = DDB8B9642896C0CF00E7F569 /* NetworkError.swift */; };
		DDB8B9672896C0E900E7F569 /* NetworkRequest.swift in Sources */ = {isa = PBXBuildFile; fileRef = DDB8B9662896C0E900E7F569 /* NetworkRequest.swift */; };
		DDB8B9692896C0F700E7F569 /* RequestType.swift in Sources */ = {isa = PBXBuildFile; fileRef = DDB8B9682896C0F700E7F569 /* RequestType.swift */; };
		DDB8B96B2896C10900E7F569 /* APIConstants.swift in Sources */ = {isa = PBXBuildFile; fileRef = DDB8B96A2896C10900E7F569 /* APIConstants.swift */; };
		DDB8B96D2896C14D00E7F569 /* RequestManager.swift in Sources */ = {isa = PBXBuildFile; fileRef = DDB8B96C2896C14D00E7F569 /* RequestManager.swift */; };
		DDB8B96F2896C3CE00E7F569 /* MovieRequest.swift in Sources */ = {isa = PBXBuildFile; fileRef = DDB8B96E2896C3CE00E7F569 /* MovieRequest.swift */; };
		DDB8B9742896D32900E7F569 /* TVRequest.swift in Sources */ = {isa = PBXBuildFile; fileRef = DDB8B9732896D32900E7F569 /* TVRequest.swift */; };
		DDB8B9782896D71400E7F569 /* ArtistRequest.swift in Sources */ = {isa = PBXBuildFile; fileRef = DDB8B9772896D71400E7F569 /* ArtistRequest.swift */; };
		DDB8B97B2896DD8C00E7F569 /* MovieService.swift in Sources */ = {isa = PBXBuildFile; fileRef = DDB8B97A2896DD8C00E7F569 /* MovieService.swift */; };
		DDB8B97F2896DFE600E7F569 /* CommonEntity.swift in Sources */ = {isa = PBXBuildFile; fileRef = DDB8B97E2896DFE600E7F569 /* CommonEntity.swift */; };
		DDB8B9812896E00500E7F569 /* ResponseEntity.swift in Sources */ = {isa = PBXBuildFile; fileRef = DDB8B9802896E00500E7F569 /* ResponseEntity.swift */; };
		DDB8B9832896E01800E7F569 /* WathableEntity.swift in Sources */ = {isa = PBXBuildFile; fileRef = DDB8B9822896E01800E7F569 /* WathableEntity.swift */; };
		DDB8B9872896E99700E7F569 /* TVService.swift in Sources */ = {isa = PBXBuildFile; fileRef = DDB8B9862896E99700E7F569 /* TVService.swift */; };
		DDB8B9892896F63600E7F569 /* ArtistService.swift in Sources */ = {isa = PBXBuildFile; fileRef = DDB8B9882896F63600E7F569 /* ArtistService.swift */; };
		DDB8B98D2899BD6D00E7F569 /* PersonEntity.swift in Sources */ = {isa = PBXBuildFile; fileRef = DDB8B98C2899BD6D00E7F569 /* PersonEntity.swift */; };
		DDB8B98F2899BDF500E7F569 /* MovieEntity.swift in Sources */ = {isa = PBXBuildFile; fileRef = DDB8B98E2899BDF500E7F569 /* MovieEntity.swift */; };
		DDB8B9912899BE2700E7F569 /* TVSerieEntity.swift in Sources */ = {isa = PBXBuildFile; fileRef = DDB8B9902899BE2700E7F569 /* TVSerieEntity.swift */; };
		DDB8B9932899BE4500E7F569 /* APIError.swift in Sources */ = {isa = PBXBuildFile; fileRef = DDB8B9922899BE4500E7F569 /* APIError.swift */; };
		DDB8B99A2899CE5E00E7F569 /* Fetchable.swift in Sources */ = {isa = PBXBuildFile; fileRef = DDB8B9992899CE5E00E7F569 /* Fetchable.swift */; };
		DDB8B99C2899DC5E00E7F569 /* ArtistFetcher.swift in Sources */ = {isa = PBXBuildFile; fileRef = DDB8B99B2899DC5E00E7F569 /* ArtistFetcher.swift */; };
		DDB8B99F289BB13600E7F569 /* WatchableToMediaMapper.swift in Sources */ = {isa = PBXBuildFile; fileRef = DDB8B99E289BB13600E7F569 /* WatchableToMediaMapper.swift */; };
		DDCDE56728D90D1C0081AD87 /* MediaFetcher.swift in Sources */ = {isa = PBXBuildFile; fileRef = DDCDE56628D90D1C0081AD87 /* MediaFetcher.swift */; };
		DDCDE56A28D90DAE0081AD87 /* MediaStrategy.swift in Sources */ = {isa = PBXBuildFile; fileRef = DDCDE56928D90DAE0081AD87 /* MediaStrategy.swift */; };
		DDCDE56C28D90EF40081AD87 /* PopularMoviesFetchStrategy.swift in Sources */ = {isa = PBXBuildFile; fileRef = DDCDE56B28D90EF40081AD87 /* PopularMoviesFetchStrategy.swift */; };
		DDCDE56E28D90F670081AD87 /* UpcomingMoviesFetchStrategy.swift in Sources */ = {isa = PBXBuildFile; fileRef = DDCDE56D28D90F670081AD87 /* UpcomingMoviesFetchStrategy.swift */; };
		DDCDE57028D90F850081AD87 /* NowPlayingMoviesFetchStrategy.swift in Sources */ = {isa = PBXBuildFile; fileRef = DDCDE56F28D90F850081AD87 /* NowPlayingMoviesFetchStrategy.swift */; };
		DDCDE57228D90FE40081AD87 /* AiringTodaySeriesFetchStrategy.swift in Sources */ = {isa = PBXBuildFile; fileRef = DDCDE57128D90FE40081AD87 /* AiringTodaySeriesFetchStrategy.swift */; };
		DDCDE57528D9100E0081AD87 /* OnTheAirSeriesFetchStrategy.swift in Sources */ = {isa = PBXBuildFile; fileRef = DDCDE57428D9100E0081AD87 /* OnTheAirSeriesFetchStrategy.swift */; };
		DDCDE57728D910270081AD87 /* PopularSeriesFetchStrategy.swift in Sources */ = {isa = PBXBuildFile; fileRef = DDCDE57628D910270081AD87 /* PopularSeriesFetchStrategy.swift */; };
		DDCDE57B28DA77740081AD87 /* MediaService.swift in Sources */ = {isa = PBXBuildFile; fileRef = DDCDE57A28DA77740081AD87 /* MediaService.swift */; };
		DDD9513E278123AA009695C2 /* ConstantTexts.swift in Sources */ = {isa = PBXBuildFile; fileRef = DDD9513D278123AA009695C2 /* ConstantTexts.swift */; };
		DDD9517C278CB4B2009695C2 /* CommonMocks.swift in Sources */ = {isa = PBXBuildFile; fileRef = DDD9517B278CB4B2009695C2 /* CommonMocks.swift */; };
/* End PBXBuildFile section */

/* Begin PBXContainerItemProxy section */
		DD045485260A171D00DFEFE6 /* PBXContainerItemProxy */ = {
			isa = PBXContainerItemProxy;
			containerPortal = DD045466260A171900DFEFE6 /* Project object */;
			proxyType = 1;
			remoteGlobalIDString = DD04546D260A171900DFEFE6;
			remoteInfo = Watchlist;
		};
		DD045490260A171D00DFEFE6 /* PBXContainerItemProxy */ = {
			isa = PBXContainerItemProxy;
			containerPortal = DD045466260A171900DFEFE6 /* Project object */;
			proxyType = 1;
			remoteGlobalIDString = DD04546D260A171900DFEFE6;
			remoteInfo = Watchlist;
		};
/* End PBXContainerItemProxy section */

/* Begin PBXFileReference section */
		1E09E4A126C876290015574C /* NavigationConfigurator.swift */ = {isa = PBXFileReference; lastKnownFileType = sourcecode.swift; path = NavigationConfigurator.swift; sourceTree = "<group>"; };
		1E0AA5A626C41DDD00B3C7F5 /* MediaCastView.swift */ = {isa = PBXFileReference; lastKnownFileType = sourcecode.swift; path = MediaCastView.swift; sourceTree = "<group>"; };
		1E0AA5A826C41E3D00B3C7F5 /* MediaCastInteractor.swift */ = {isa = PBXFileReference; lastKnownFileType = sourcecode.swift; path = MediaCastInteractor.swift; sourceTree = "<group>"; };
		1E0AA5AA26C41E5100B3C7F5 /* MediaCastPresenter.swift */ = {isa = PBXFileReference; lastKnownFileType = sourcecode.swift; path = MediaCastPresenter.swift; sourceTree = "<group>"; };
		1E0AA5AC26C422F300B3C7F5 /* MediaDetailPresenter.swift */ = {isa = PBXFileReference; lastKnownFileType = sourcecode.swift; path = MediaDetailPresenter.swift; sourceTree = "<group>"; };
		1E0AA5AE26C4230900B3C7F5 /* MediaDetailInteractor.swift */ = {isa = PBXFileReference; lastKnownFileType = sourcecode.swift; path = MediaDetailInteractor.swift; sourceTree = "<group>"; };
		1E2AD90626ECFDB200EBB78D /* ArtistDetailPresenter.swift */ = {isa = PBXFileReference; lastKnownFileType = sourcecode.swift; path = ArtistDetailPresenter.swift; sourceTree = "<group>"; };
		1E2AD90826ED0D3C00EBB78D /* ArtistDetailEntity.swift */ = {isa = PBXFileReference; lastKnownFileType = sourcecode.swift; path = ArtistDetailEntity.swift; sourceTree = "<group>"; };
		1E2AD90A26ED1D1F00EBB78D /* ArtistDetailTabView.swift */ = {isa = PBXFileReference; lastKnownFileType = sourcecode.swift; path = ArtistDetailTabView.swift; sourceTree = "<group>"; };
		1E62DF7126C68BA90003400E /* ISO639_1.swift */ = {isa = PBXFileReference; fileEncoding = 4; lastKnownFileType = sourcecode.swift; path = ISO639_1.swift; sourceTree = "<group>"; };
		1E62DF7226C68BA90003400E /* ISO3166_2.swift */ = {isa = PBXFileReference; fileEncoding = 4; lastKnownFileType = sourcecode.swift; path = ISO3166_2.swift; sourceTree = "<group>"; };
		1E632C6A26ECF58D005780FD /* ArtistDetailView.swift */ = {isa = PBXFileReference; lastKnownFileType = sourcecode.swift; path = ArtistDetailView.swift; sourceTree = "<group>"; };
		1E632C6C26ECF5C5005780FD /* ArtistDetailInteractor.swift */ = {isa = PBXFileReference; lastKnownFileType = sourcecode.swift; path = ArtistDetailInteractor.swift; sourceTree = "<group>"; };
		1E71A19126E938E100AD4055 /* CastView.swift */ = {isa = PBXFileReference; lastKnownFileType = sourcecode.swift; path = CastView.swift; sourceTree = "<group>"; };
		1E71A19326E9391000AD4055 /* CastPresenter.swift */ = {isa = PBXFileReference; lastKnownFileType = sourcecode.swift; path = CastPresenter.swift; sourceTree = "<group>"; };
		1E71A19526E9391C00AD4055 /* CastInteractor.swift */ = {isa = PBXFileReference; lastKnownFileType = sourcecode.swift; path = CastInteractor.swift; sourceTree = "<group>"; };
		1E71A19726E939A900AD4055 /* CastEntity.swift */ = {isa = PBXFileReference; lastKnownFileType = sourcecode.swift; path = CastEntity.swift; sourceTree = "<group>"; };
		1E71A19926E93B3C00AD4055 /* CastItemView.swift */ = {isa = PBXFileReference; lastKnownFileType = sourcecode.swift; path = CastItemView.swift; sourceTree = "<group>"; };
		1E71A19B26E97A2A00AD4055 /* CastMemberEntity.swift */ = {isa = PBXFileReference; lastKnownFileType = sourcecode.swift; path = CastMemberEntity.swift; sourceTree = "<group>"; };
		1E85901226926E7200901E03 /* MediaDetailView.swift */ = {isa = PBXFileReference; lastKnownFileType = sourcecode.swift; path = MediaDetailView.swift; sourceTree = "<group>"; };
		1E88CF3226755A410066D6AB /* MediaListView.swift */ = {isa = PBXFileReference; lastKnownFileType = sourcecode.swift; path = MediaListView.swift; sourceTree = "<group>"; };
		1E8BA16726E80DCB0027CBD3 /* MediaType.swift */ = {isa = PBXFileReference; lastKnownFileType = sourcecode.swift; path = MediaType.swift; sourceTree = "<group>"; };
		1E8C1B072665AED900622665 /* DiscoverSlice.swift */ = {isa = PBXFileReference; lastKnownFileType = sourcecode.swift; path = DiscoverSlice.swift; sourceTree = "<group>"; };
		1E8CF8192680044D003BDB35 /* HideNavigationBarModifier.swift */ = {isa = PBXFileReference; lastKnownFileType = sourcecode.swift; path = HideNavigationBarModifier.swift; sourceTree = "<group>"; };
		1E8CF81E26800482003BDB35 /* View+Extensions.swift */ = {isa = PBXFileReference; lastKnownFileType = sourcecode.swift; path = "View+Extensions.swift"; sourceTree = "<group>"; };
		1EA727432676CD6B0002BF85 /* MediaSection.swift */ = {isa = PBXFileReference; lastKnownFileType = sourcecode.swift; path = MediaSection.swift; sourceTree = "<group>"; };
		1EB545CB2673DF4B008BDE2A /* ArtistItemView.swift */ = {isa = PBXFileReference; lastKnownFileType = sourcecode.swift; path = ArtistItemView.swift; sourceTree = "<group>"; };
		1EB545D02673E48C008BDE2A /* ArtistInteractor.swift */ = {isa = PBXFileReference; lastKnownFileType = sourcecode.swift; path = ArtistInteractor.swift; sourceTree = "<group>"; };
		1EB545D52673E497008BDE2A /* ArtistPresenter.swift */ = {isa = PBXFileReference; lastKnownFileType = sourcecode.swift; path = ArtistPresenter.swift; sourceTree = "<group>"; };
		1EB545DA2673E930008BDE2A /* AritstEntity.swift */ = {isa = PBXFileReference; lastKnownFileType = sourcecode.swift; path = AritstEntity.swift; sourceTree = "<group>"; };
		1EB8DE6026C07FE400DE2522 /* MediaDetailTabView.swift */ = {isa = PBXFileReference; lastKnownFileType = sourcecode.swift; path = MediaDetailTabView.swift; sourceTree = "<group>"; };
		1EBC9EDF272CA98100669463 /* ArtistImageEntity.swift */ = {isa = PBXFileReference; lastKnownFileType = sourcecode.swift; path = ArtistImageEntity.swift; sourceTree = "<group>"; };
		1ECB346026C5AA5300735CAE /* MediaDetailEntity.swift */ = {isa = PBXFileReference; lastKnownFileType = sourcecode.swift; path = MediaDetailEntity.swift; sourceTree = "<group>"; };
		1ED91A4A273B33FA00676C9E /* MediaCreditEntity.swift */ = {isa = PBXFileReference; lastKnownFileType = sourcecode.swift; path = MediaCreditEntity.swift; sourceTree = "<group>"; };
		1ED9C3A026755D0B0030A62B /* StarsView.swift */ = {isa = PBXFileReference; lastKnownFileType = sourcecode.swift; path = StarsView.swift; sourceTree = "<group>"; };
		1ED9C3A526756DC90030A62B /* MediaListItemView.swift */ = {isa = PBXFileReference; lastKnownFileType = sourcecode.swift; path = MediaListItemView.swift; sourceTree = "<group>"; };
		1ED9C3AA267571660030A62B /* MediaListPresenter.swift */ = {isa = PBXFileReference; lastKnownFileType = sourcecode.swift; path = MediaListPresenter.swift; sourceTree = "<group>"; };
		1ED9C3AF267571720030A62B /* MediaInteractor.swift */ = {isa = PBXFileReference; lastKnownFileType = sourcecode.swift; path = MediaInteractor.swift; sourceTree = "<group>"; };
		56D5C10A36AC73911290D272 /* Pods_Watchlist.framework */ = {isa = PBXFileReference; explicitFileType = wrapper.framework; includeInIndex = 0; path = Pods_Watchlist.framework; sourceTree = BUILT_PRODUCTS_DIR; };
		5F5554330EDD96C406AFA559 /* Pods-Watchlist.debug.xcconfig */ = {isa = PBXFileReference; includeInIndex = 1; lastKnownFileType = text.xcconfig; name = "Pods-Watchlist.debug.xcconfig"; path = "Target Support Files/Pods-Watchlist/Pods-Watchlist.debug.xcconfig"; sourceTree = "<group>"; };
		732A028465C9784CEAD0DEC5 /* Pods-Watchlist.release.xcconfig */ = {isa = PBXFileReference; includeInIndex = 1; lastKnownFileType = text.xcconfig; name = "Pods-Watchlist.release.xcconfig"; path = "Target Support Files/Pods-Watchlist/Pods-Watchlist.release.xcconfig"; sourceTree = "<group>"; };
		DD02ECCC28DF9C7400D230F9 /* FavoritesView.swift */ = {isa = PBXFileReference; lastKnownFileType = sourcecode.swift; path = FavoritesView.swift; sourceTree = "<group>"; };
		DD02ECCE28DF9C9D00D230F9 /* FavoritesPresenter.swift */ = {isa = PBXFileReference; lastKnownFileType = sourcecode.swift; path = FavoritesPresenter.swift; sourceTree = "<group>"; };
		DD02ECD028DF9CE100D230F9 /* FavoritesInteractor.swift */ = {isa = PBXFileReference; lastKnownFileType = sourcecode.swift; path = FavoritesInteractor.swift; sourceTree = "<group>"; };
		DD04546E260A171900DFEFE6 /* Watchlist.app */ = {isa = PBXFileReference; explicitFileType = wrapper.application; includeInIndex = 0; path = Watchlist.app; sourceTree = BUILT_PRODUCTS_DIR; };
		DD045471260A171900DFEFE6 /* WatchlistApp.swift */ = {isa = PBXFileReference; lastKnownFileType = sourcecode.swift; path = WatchlistApp.swift; sourceTree = "<group>"; };
		DD045473260A171900DFEFE6 /* ContentView.swift */ = {isa = PBXFileReference; lastKnownFileType = sourcecode.swift; path = ContentView.swift; sourceTree = "<group>"; };
		DD045475260A171C00DFEFE6 /* Assets.xcassets */ = {isa = PBXFileReference; lastKnownFileType = folder.assetcatalog; path = Assets.xcassets; sourceTree = "<group>"; };
		DD045478260A171C00DFEFE6 /* Preview Assets.xcassets */ = {isa = PBXFileReference; lastKnownFileType = folder.assetcatalog; path = "Preview Assets.xcassets"; sourceTree = "<group>"; };
		DD04547A260A171C00DFEFE6 /* Persistence.swift */ = {isa = PBXFileReference; lastKnownFileType = sourcecode.swift; path = Persistence.swift; sourceTree = "<group>"; };
		DD04547D260A171C00DFEFE6 /* Watchlist.xcdatamodel */ = {isa = PBXFileReference; lastKnownFileType = wrapper.xcdatamodel; path = Watchlist.xcdatamodel; sourceTree = "<group>"; };
		DD04547F260A171C00DFEFE6 /* Info.plist */ = {isa = PBXFileReference; lastKnownFileType = text.plist.xml; path = Info.plist; sourceTree = "<group>"; };
		DD045484260A171D00DFEFE6 /* WatchlistTests.xctest */ = {isa = PBXFileReference; explicitFileType = wrapper.cfbundle; includeInIndex = 0; path = WatchlistTests.xctest; sourceTree = BUILT_PRODUCTS_DIR; };
		DD045488260A171D00DFEFE6 /* WatchlistTests.swift */ = {isa = PBXFileReference; lastKnownFileType = sourcecode.swift; path = WatchlistTests.swift; sourceTree = "<group>"; };
		DD04548A260A171D00DFEFE6 /* Info.plist */ = {isa = PBXFileReference; lastKnownFileType = text.plist.xml; path = Info.plist; sourceTree = "<group>"; };
		DD04548F260A171D00DFEFE6 /* WatchlistUITests.xctest */ = {isa = PBXFileReference; explicitFileType = wrapper.cfbundle; includeInIndex = 0; path = WatchlistUITests.xctest; sourceTree = BUILT_PRODUCTS_DIR; };
		DD045493260A171D00DFEFE6 /* WatchlistUITests.swift */ = {isa = PBXFileReference; lastKnownFileType = sourcecode.swift; path = WatchlistUITests.swift; sourceTree = "<group>"; };
		DD045495260A171D00DFEFE6 /* Info.plist */ = {isa = PBXFileReference; lastKnownFileType = text.plist.xml; path = Info.plist; sourceTree = "<group>"; };
		DD358CFD28D67A77004F62F6 /* CastInteractorMock.swift */ = {isa = PBXFileReference; lastKnownFileType = sourcecode.swift; path = CastInteractorMock.swift; sourceTree = "<group>"; };
		DD358CFF28D67C29004F62F6 /* MovieListInteractorMock.swift */ = {isa = PBXFileReference; lastKnownFileType = sourcecode.swift; path = MovieListInteractorMock.swift; sourceTree = "<group>"; };
		DD4BB799264C02F600E07C5F /* Color+Extensions.swift */ = {isa = PBXFileReference; lastKnownFileType = sourcecode.swift; path = "Color+Extensions.swift"; sourceTree = "<group>"; };
		DD4BB7AE264C54AD00E07C5F /* DashboardView.swift */ = {isa = PBXFileReference; lastKnownFileType = sourcecode.swift; path = DashboardView.swift; sourceTree = "<group>"; };
		DD4BB7CB264CA21C00E07C5F /* DiscoverView.swift */ = {isa = PBXFileReference; lastKnownFileType = sourcecode.swift; path = DiscoverView.swift; sourceTree = "<group>"; };
		DD4BB7D5264CA5C400E07C5F /* ArtistsView.swift */ = {isa = PBXFileReference; lastKnownFileType = sourcecode.swift; path = ArtistsView.swift; sourceTree = "<group>"; };
		DD4BB7DF264CAF4400E07C5F /* DiscoverPresenter.swift */ = {isa = PBXFileReference; lastKnownFileType = sourcecode.swift; path = DiscoverPresenter.swift; sourceTree = "<group>"; };
		DD4C9EF828DE0C2A00BD2B48 /* FavoriteMovieStorage.swift */ = {isa = PBXFileReference; lastKnownFileType = sourcecode.swift; path = FavoriteMovieStorage.swift; sourceTree = "<group>"; };
		DD4C9EFA28DE0DF800BD2B48 /* FavoriteStorage.swift */ = {isa = PBXFileReference; lastKnownFileType = sourcecode.swift; path = FavoriteStorage.swift; sourceTree = "<group>"; };
		DD4C9EFC28DE108B00BD2B48 /* FavoriteTVSerieStorage.swift */ = {isa = PBXFileReference; lastKnownFileType = sourcecode.swift; path = FavoriteTVSerieStorage.swift; sourceTree = "<group>"; };
		DD4C9EFE28DE16B900BD2B48 /* FavoriteArtistStorage.swift */ = {isa = PBXFileReference; lastKnownFileType = sourcecode.swift; path = FavoriteArtistStorage.swift; sourceTree = "<group>"; };
		DD5D490C28D745A400FD1B10 /* RequestManagerMock.swift */ = {isa = PBXFileReference; lastKnownFileType = sourcecode.swift; path = RequestManagerMock.swift; sourceTree = "<group>"; };
		DD5D490E28D7AE7400FD1B10 /* MediaNetworkRequest.swift */ = {isa = PBXFileReference; lastKnownFileType = sourcecode.swift; path = MediaNetworkRequest.swift; sourceTree = "<group>"; };
		DD5DE042265D96D500E06B4B /* DiscoverSliceItem.swift */ = {isa = PBXFileReference; lastKnownFileType = sourcecode.swift; path = DiscoverSliceItem.swift; sourceTree = "<group>"; };
		DD5DE057265EDD3800E06B4B /* DiscoverSectionItemEntity.swift */ = {isa = PBXFileReference; lastKnownFileType = sourcecode.swift; path = DiscoverSectionItemEntity.swift; sourceTree = "<group>"; };
		DDB8B9602896C0AC00E7F569 /* DataParser.swift */ = {isa = PBXFileReference; lastKnownFileType = sourcecode.swift; path = DataParser.swift; sourceTree = "<group>"; };
		DDB8B9622896C0BF00E7F569 /* APIManager.swift */ = {isa = PBXFileReference; lastKnownFileType = sourcecode.swift; path = APIManager.swift; sourceTree = "<group>"; };
		DDB8B9642896C0CF00E7F569 /* NetworkError.swift */ = {isa = PBXFileReference; lastKnownFileType = sourcecode.swift; path = NetworkError.swift; sourceTree = "<group>"; };
		DDB8B9662896C0E900E7F569 /* NetworkRequest.swift */ = {isa = PBXFileReference; lastKnownFileType = sourcecode.swift; path = NetworkRequest.swift; sourceTree = "<group>"; };
		DDB8B9682896C0F700E7F569 /* RequestType.swift */ = {isa = PBXFileReference; lastKnownFileType = sourcecode.swift; path = RequestType.swift; sourceTree = "<group>"; };
		DDB8B96A2896C10900E7F569 /* APIConstants.swift */ = {isa = PBXFileReference; lastKnownFileType = sourcecode.swift; path = APIConstants.swift; sourceTree = "<group>"; };
		DDB8B96C2896C14D00E7F569 /* RequestManager.swift */ = {isa = PBXFileReference; lastKnownFileType = sourcecode.swift; path = RequestManager.swift; sourceTree = "<group>"; };
		DDB8B96E2896C3CE00E7F569 /* MovieRequest.swift */ = {isa = PBXFileReference; lastKnownFileType = sourcecode.swift; path = MovieRequest.swift; sourceTree = "<group>"; };
		DDB8B9732896D32900E7F569 /* TVRequest.swift */ = {isa = PBXFileReference; lastKnownFileType = sourcecode.swift; path = TVRequest.swift; sourceTree = "<group>"; };
		DDB8B9772896D71400E7F569 /* ArtistRequest.swift */ = {isa = PBXFileReference; lastKnownFileType = sourcecode.swift; path = ArtistRequest.swift; sourceTree = "<group>"; };
		DDB8B97A2896DD8C00E7F569 /* MovieService.swift */ = {isa = PBXFileReference; lastKnownFileType = sourcecode.swift; path = MovieService.swift; sourceTree = "<group>"; };
		DDB8B97E2896DFE600E7F569 /* CommonEntity.swift */ = {isa = PBXFileReference; lastKnownFileType = sourcecode.swift; path = CommonEntity.swift; sourceTree = "<group>"; };
		DDB8B9802896E00500E7F569 /* ResponseEntity.swift */ = {isa = PBXFileReference; lastKnownFileType = sourcecode.swift; path = ResponseEntity.swift; sourceTree = "<group>"; };
		DDB8B9822896E01800E7F569 /* WathableEntity.swift */ = {isa = PBXFileReference; lastKnownFileType = sourcecode.swift; path = WathableEntity.swift; sourceTree = "<group>"; };
		DDB8B9862896E99700E7F569 /* TVService.swift */ = {isa = PBXFileReference; lastKnownFileType = sourcecode.swift; path = TVService.swift; sourceTree = "<group>"; };
		DDB8B9882896F63600E7F569 /* ArtistService.swift */ = {isa = PBXFileReference; lastKnownFileType = sourcecode.swift; path = ArtistService.swift; sourceTree = "<group>"; };
		DDB8B98C2899BD6D00E7F569 /* PersonEntity.swift */ = {isa = PBXFileReference; lastKnownFileType = sourcecode.swift; path = PersonEntity.swift; sourceTree = "<group>"; };
		DDB8B98E2899BDF500E7F569 /* MovieEntity.swift */ = {isa = PBXFileReference; lastKnownFileType = sourcecode.swift; path = MovieEntity.swift; sourceTree = "<group>"; };
		DDB8B9902899BE2700E7F569 /* TVSerieEntity.swift */ = {isa = PBXFileReference; lastKnownFileType = sourcecode.swift; path = TVSerieEntity.swift; sourceTree = "<group>"; };
		DDB8B9922899BE4500E7F569 /* APIError.swift */ = {isa = PBXFileReference; lastKnownFileType = sourcecode.swift; path = APIError.swift; sourceTree = "<group>"; };
		DDB8B9992899CE5E00E7F569 /* Fetchable.swift */ = {isa = PBXFileReference; lastKnownFileType = sourcecode.swift; path = Fetchable.swift; sourceTree = "<group>"; };
		DDB8B99B2899DC5E00E7F569 /* ArtistFetcher.swift */ = {isa = PBXFileReference; lastKnownFileType = sourcecode.swift; path = ArtistFetcher.swift; sourceTree = "<group>"; };
		DDB8B99E289BB13600E7F569 /* WatchableToMediaMapper.swift */ = {isa = PBXFileReference; lastKnownFileType = sourcecode.swift; path = WatchableToMediaMapper.swift; sourceTree = "<group>"; };
		DDCDE56628D90D1C0081AD87 /* MediaFetcher.swift */ = {isa = PBXFileReference; lastKnownFileType = sourcecode.swift; path = MediaFetcher.swift; sourceTree = "<group>"; };
		DDCDE56928D90DAE0081AD87 /* MediaStrategy.swift */ = {isa = PBXFileReference; lastKnownFileType = sourcecode.swift; path = MediaStrategy.swift; sourceTree = "<group>"; };
		DDCDE56B28D90EF40081AD87 /* PopularMoviesFetchStrategy.swift */ = {isa = PBXFileReference; lastKnownFileType = sourcecode.swift; path = PopularMoviesFetchStrategy.swift; sourceTree = "<group>"; };
		DDCDE56D28D90F670081AD87 /* UpcomingMoviesFetchStrategy.swift */ = {isa = PBXFileReference; lastKnownFileType = sourcecode.swift; path = UpcomingMoviesFetchStrategy.swift; sourceTree = "<group>"; };
		DDCDE56F28D90F850081AD87 /* NowPlayingMoviesFetchStrategy.swift */ = {isa = PBXFileReference; lastKnownFileType = sourcecode.swift; path = NowPlayingMoviesFetchStrategy.swift; sourceTree = "<group>"; };
		DDCDE57128D90FE40081AD87 /* AiringTodaySeriesFetchStrategy.swift */ = {isa = PBXFileReference; lastKnownFileType = sourcecode.swift; path = AiringTodaySeriesFetchStrategy.swift; sourceTree = "<group>"; };
		DDCDE57428D9100E0081AD87 /* OnTheAirSeriesFetchStrategy.swift */ = {isa = PBXFileReference; lastKnownFileType = sourcecode.swift; path = OnTheAirSeriesFetchStrategy.swift; sourceTree = "<group>"; };
		DDCDE57628D910270081AD87 /* PopularSeriesFetchStrategy.swift */ = {isa = PBXFileReference; lastKnownFileType = sourcecode.swift; path = PopularSeriesFetchStrategy.swift; sourceTree = "<group>"; };
		DDCDE57A28DA77740081AD87 /* MediaService.swift */ = {isa = PBXFileReference; lastKnownFileType = sourcecode.swift; path = MediaService.swift; sourceTree = "<group>"; };
		DDD9513D278123AA009695C2 /* ConstantTexts.swift */ = {isa = PBXFileReference; lastKnownFileType = sourcecode.swift; path = ConstantTexts.swift; sourceTree = "<group>"; };
		DDD9517B278CB4B2009695C2 /* CommonMocks.swift */ = {isa = PBXFileReference; lastKnownFileType = sourcecode.swift; path = CommonMocks.swift; sourceTree = "<group>"; };
/* End PBXFileReference section */

/* Begin PBXFrameworksBuildPhase section */
		DD04546B260A171900DFEFE6 /* Frameworks */ = {
			isa = PBXFrameworksBuildPhase;
			buildActionMask = 2147483647;
			files = (
				C5B082B06436BA27328E9165 /* Pods_Watchlist.framework in Frameworks */,
				DD951E9128A1037D00701111 /* CachedAsyncImage in Frameworks */,
			);
			runOnlyForDeploymentPostprocessing = 0;
		};
		DD045481260A171D00DFEFE6 /* Frameworks */ = {
			isa = PBXFrameworksBuildPhase;
			buildActionMask = 2147483647;
			files = (
			);
			runOnlyForDeploymentPostprocessing = 0;
		};
		DD04548C260A171D00DFEFE6 /* Frameworks */ = {
			isa = PBXFrameworksBuildPhase;
			buildActionMask = 2147483647;
			files = (
			);
			runOnlyForDeploymentPostprocessing = 0;
		};
/* End PBXFrameworksBuildPhase section */

/* Begin PBXGroup section */
		14E0E9FFA9128CCD7D05A988 /* Pods */ = {
			isa = PBXGroup;
			children = (
				5F5554330EDD96C406AFA559 /* Pods-Watchlist.debug.xcconfig */,
				732A028465C9784CEAD0DEC5 /* Pods-Watchlist.release.xcconfig */,
			);
			path = Pods;
			sourceTree = "<group>";
		};
		1E632C6326ECF52D005780FD /* Artist */ = {
			isa = PBXGroup;
			children = (
				1E632C6726ECF554005780FD /* Entity */,
				1E632C6626ECF542005780FD /* Presenter */,
				1E632C6526ECF53C005780FD /* Interactor */,
				1E632C6426ECF537005780FD /* View */,
			);
			path = Artist;
			sourceTree = "<group>";
		};
		1E632C6426ECF537005780FD /* View */ = {
			isa = PBXGroup;
			children = (
				1E632C6A26ECF58D005780FD /* ArtistDetailView.swift */,
				1E2AD90A26ED1D1F00EBB78D /* ArtistDetailTabView.swift */,
			);
			path = View;
			sourceTree = "<group>";
		};
		1E632C6526ECF53C005780FD /* Interactor */ = {
			isa = PBXGroup;
			children = (
				1E632C6C26ECF5C5005780FD /* ArtistDetailInteractor.swift */,
			);
			path = Interactor;
			sourceTree = "<group>";
		};
		1E632C6626ECF542005780FD /* Presenter */ = {
			isa = PBXGroup;
			children = (
				1E2AD90626ECFDB200EBB78D /* ArtistDetailPresenter.swift */,
			);
			path = Presenter;
			sourceTree = "<group>";
		};
		1E632C6726ECF554005780FD /* Entity */ = {
			isa = PBXGroup;
			children = (
				1E2AD90826ED0D3C00EBB78D /* ArtistDetailEntity.swift */,
				1EBC9EDF272CA98100669463 /* ArtistImageEntity.swift */,
			);
			path = Entity;
			sourceTree = "<group>";
		};
		1E85900D26926E3F00901E03 /* MediaDetail */ = {
			isa = PBXGroup;
			children = (
				1E85901126926E5B00901E03 /* View */,
				1E85901026926E5400901E03 /* Entity */,
				1E85900F26926E4E00901E03 /* Presenter */,
				1E85900E26926E4700901E03 /* Interactor */,
			);
			path = MediaDetail;
			sourceTree = "<group>";
		};
		1E85900E26926E4700901E03 /* Interactor */ = {
			isa = PBXGroup;
			children = (
				1E0AA5A826C41E3D00B3C7F5 /* MediaCastInteractor.swift */,
				1E0AA5AE26C4230900B3C7F5 /* MediaDetailInteractor.swift */,
			);
			path = Interactor;
			sourceTree = "<group>";
		};
		1E85900F26926E4E00901E03 /* Presenter */ = {
			isa = PBXGroup;
			children = (
				1E0AA5AA26C41E5100B3C7F5 /* MediaCastPresenter.swift */,
				1E0AA5AC26C422F300B3C7F5 /* MediaDetailPresenter.swift */,
			);
			path = Presenter;
			sourceTree = "<group>";
		};
		1E85901026926E5400901E03 /* Entity */ = {
			isa = PBXGroup;
			children = (
				1ECB346026C5AA5300735CAE /* MediaDetailEntity.swift */,
				1ED91A4A273B33FA00676C9E /* MediaCreditEntity.swift */,
			);
			path = Entity;
			sourceTree = "<group>";
		};
		1E85901126926E5B00901E03 /* View */ = {
			isa = PBXGroup;
			children = (
				1E85901226926E7200901E03 /* MediaDetailView.swift */,
				1EB8DE6026C07FE400DE2522 /* MediaDetailTabView.swift */,
				1E0AA5A626C41DDD00B3C7F5 /* MediaCastView.swift */,
			);
			path = View;
			sourceTree = "<group>";
		};
		1E88CF2D267558EC0066D6AB /* MediaList */ = {
			isa = PBXGroup;
			children = (
				1E88CF312675594A0066D6AB /* Interactor */,
				1E88CF30267559440066D6AB /* Presenter */,
				1E88CF2F267559350066D6AB /* View */,
				1E88CF2E267559200066D6AB /* Entity */,
			);
			path = MediaList;
			sourceTree = "<group>";
		};
		1E88CF2E267559200066D6AB /* Entity */ = {
			isa = PBXGroup;
			children = (
				1EA727432676CD6B0002BF85 /* MediaSection.swift */,
				1E71A19726E939A900AD4055 /* CastEntity.swift */,
				1E71A19B26E97A2A00AD4055 /* CastMemberEntity.swift */,
			);
			path = Entity;
			sourceTree = "<group>";
		};
		1E88CF2F267559350066D6AB /* View */ = {
			isa = PBXGroup;
			children = (
				1E88CF3226755A410066D6AB /* MediaListView.swift */,
				1ED9C3A526756DC90030A62B /* MediaListItemView.swift */,
				1E71A19126E938E100AD4055 /* CastView.swift */,
				1E71A19926E93B3C00AD4055 /* CastItemView.swift */,
			);
			path = View;
			sourceTree = "<group>";
		};
		1E88CF30267559440066D6AB /* Presenter */ = {
			isa = PBXGroup;
			children = (
				1ED9C3AA267571660030A62B /* MediaListPresenter.swift */,
				1E71A19326E9391000AD4055 /* CastPresenter.swift */,
			);
			path = Presenter;
			sourceTree = "<group>";
		};
		1E88CF312675594A0066D6AB /* Interactor */ = {
			isa = PBXGroup;
			children = (
				1ED9C3AF267571720030A62B /* MediaInteractor.swift */,
				1E71A19526E9391C00AD4055 /* CastInteractor.swift */,
			);
			path = Interactor;
			sourceTree = "<group>";
		};
		BA5D74068559E37D9304A7E5 /* Frameworks */ = {
			isa = PBXGroup;
			children = (
				56D5C10A36AC73911290D272 /* Pods_Watchlist.framework */,
			);
			name = Frameworks;
			sourceTree = "<group>";
		};
		DD02ECC828DF9C3000D230F9 /* Favorites */ = {
			isa = PBXGroup;
			children = (
				DD02ECCB28DF9C5800D230F9 /* View */,
				DD02ECCA28DF9C4600D230F9 /* Interactor */,
				DD02ECC928DF9C3E00D230F9 /* Presenter */,
			);
			path = Favorites;
			sourceTree = "<group>";
		};
		DD02ECC928DF9C3E00D230F9 /* Presenter */ = {
			isa = PBXGroup;
			children = (
				DD02ECCE28DF9C9D00D230F9 /* FavoritesPresenter.swift */,
			);
			path = Presenter;
			sourceTree = "<group>";
		};
		DD02ECCA28DF9C4600D230F9 /* Interactor */ = {
			isa = PBXGroup;
			children = (
				DD02ECD028DF9CE100D230F9 /* FavoritesInteractor.swift */,
			);
			path = Interactor;
			sourceTree = "<group>";
		};
		DD02ECCB28DF9C5800D230F9 /* View */ = {
			isa = PBXGroup;
			children = (
				DD02ECCC28DF9C7400D230F9 /* FavoritesView.swift */,
			);
			path = View;
			sourceTree = "<group>";
		};
		DD045465260A171900DFEFE6 = {
			isa = PBXGroup;
			children = (
				DD045470260A171900DFEFE6 /* Watchlist */,
				DD045487260A171D00DFEFE6 /* WatchlistTests */,
				DD045492260A171D00DFEFE6 /* WatchlistUITests */,
				DD04546F260A171900DFEFE6 /* Products */,
				14E0E9FFA9128CCD7D05A988 /* Pods */,
				BA5D74068559E37D9304A7E5 /* Frameworks */,
			);
			sourceTree = "<group>";
		};
		DD04546F260A171900DFEFE6 /* Products */ = {
			isa = PBXGroup;
			children = (
				DD04546E260A171900DFEFE6 /* Watchlist.app */,
				DD045484260A171D00DFEFE6 /* WatchlistTests.xctest */,
				DD04548F260A171D00DFEFE6 /* WatchlistUITests.xctest */,
			);
			name = Products;
			sourceTree = "<group>";
		};
		DD045470260A171900DFEFE6 /* Watchlist */ = {
			isa = PBXGroup;
			children = (
				DD02ECC828DF9C3000D230F9 /* Favorites */,
				DDB8B97C2896DFCB00E7F569 /* Models */,
				1E632C6326ECF52D005780FD /* Artist */,
				1E85900D26926E3F00901E03 /* MediaDetail */,
				1E88CF2D267558EC0066D6AB /* MediaList */,
				DD4BB7AC264C547D00E07C5F /* Dashboard */,
				DD4BB798264C02BC00E07C5F /* Extentions */,
				DD0454A7260A1E3800DFEFE6 /* Core */,
				DD045471260A171900DFEFE6 /* WatchlistApp.swift */,
				DD045473260A171900DFEFE6 /* ContentView.swift */,
				DD045475260A171C00DFEFE6 /* Assets.xcassets */,
				DD04547A260A171C00DFEFE6 /* Persistence.swift */,
				DD04547F260A171C00DFEFE6 /* Info.plist */,
				DD04547C260A171C00DFEFE6 /* Watchlist.xcdatamodeld */,
				DD045477260A171C00DFEFE6 /* Preview Content */,
			);
			path = Watchlist;
			sourceTree = "<group>";
		};
		DD045477260A171C00DFEFE6 /* Preview Content */ = {
			isa = PBXGroup;
			children = (
				DD045478260A171C00DFEFE6 /* Preview Assets.xcassets */,
				DDD9517B278CB4B2009695C2 /* CommonMocks.swift */,
			);
			path = "Preview Content";
			sourceTree = "<group>";
		};
		DD045487260A171D00DFEFE6 /* WatchlistTests */ = {
			isa = PBXGroup;
			children = (
				DD358CFC28D67A57004F62F6 /* Mocks */,
				DD045488260A171D00DFEFE6 /* WatchlistTests.swift */,
				DD04548A260A171D00DFEFE6 /* Info.plist */,
			);
			path = WatchlistTests;
			sourceTree = "<group>";
		};
		DD045492260A171D00DFEFE6 /* WatchlistUITests */ = {
			isa = PBXGroup;
			children = (
				DD045493260A171D00DFEFE6 /* WatchlistUITests.swift */,
				DD045495260A171D00DFEFE6 /* Info.plist */,
			);
			path = WatchlistUITests;
			sourceTree = "<group>";
		};
		DD0454A7260A1E3800DFEFE6 /* Core */ = {
			isa = PBXGroup;
			children = (
				DD4C9EF728DE0C0500BD2B48 /* Storage */,
				DDB8B99D289BB11800E7F569 /* Mappers */,
				DDB8B95F2896C09700E7F569 /* NetworkManager */,
				DD9DB3412798889C00F26D5A /* Static */,
				1ED9C3A026755D0B0030A62B /* StarsView.swift */,
				1E8CF8192680044D003BDB35 /* HideNavigationBarModifier.swift */,
				1E09E4A126C876290015574C /* NavigationConfigurator.swift */,
				1E8BA16726E80DCB0027CBD3 /* MediaType.swift */,
				DDD9513D278123AA009695C2 /* ConstantTexts.swift */,
				DDB8B9922899BE4500E7F569 /* APIError.swift */,
			);
			path = Core;
			sourceTree = "<group>";
		};
		DD358CFC28D67A57004F62F6 /* Mocks */ = {
			isa = PBXGroup;
			children = (
				DD358CFD28D67A77004F62F6 /* CastInteractorMock.swift */,
				DD358CFF28D67C29004F62F6 /* MovieListInteractorMock.swift */,
				DD5D490C28D745A400FD1B10 /* RequestManagerMock.swift */,
			);
			path = Mocks;
			sourceTree = "<group>";
		};
		DD4BB798264C02BC00E07C5F /* Extentions */ = {
			isa = PBXGroup;
			children = (
				DD4BB799264C02F600E07C5F /* Color+Extensions.swift */,
				1E8CF81E26800482003BDB35 /* View+Extensions.swift */,
			);
			path = Extentions;
			sourceTree = "<group>";
		};
		DD4BB7AC264C547D00E07C5F /* Dashboard */ = {
			isa = PBXGroup;
			children = (
				DD5DE053265ED67300E06B4B /* Entity */,
				DD4BB7B4264C67C200E07C5F /* Presenter */,
				DD4BB7B3264C67BB00E07C5F /* Interactor */,
				DD4BB7AD264C548300E07C5F /* View */,
			);
			path = Dashboard;
			sourceTree = "<group>";
		};
		DD4BB7AD264C548300E07C5F /* View */ = {
			isa = PBXGroup;
			children = (
				DD4BB7AE264C54AD00E07C5F /* DashboardView.swift */,
				DD4BB7CB264CA21C00E07C5F /* DiscoverView.swift */,
				DD4BB7D5264CA5C400E07C5F /* ArtistsView.swift */,
				DD5DE042265D96D500E06B4B /* DiscoverSliceItem.swift */,
				1E8C1B072665AED900622665 /* DiscoverSlice.swift */,
				1EB545CB2673DF4B008BDE2A /* ArtistItemView.swift */,
			);
			path = View;
			sourceTree = "<group>";
		};
		DD4BB7B3264C67BB00E07C5F /* Interactor */ = {
			isa = PBXGroup;
			children = (
				1EB545D02673E48C008BDE2A /* ArtistInteractor.swift */,
			);
			path = Interactor;
			sourceTree = "<group>";
		};
		DD4BB7B4264C67C200E07C5F /* Presenter */ = {
			isa = PBXGroup;
			children = (
				DD4BB7DF264CAF4400E07C5F /* DiscoverPresenter.swift */,
				1EB545D52673E497008BDE2A /* ArtistPresenter.swift */,
			);
			path = Presenter;
			sourceTree = "<group>";
		};
		DD4C9EF728DE0C0500BD2B48 /* Storage */ = {
			isa = PBXGroup;
			children = (
				DD4C9EF828DE0C2A00BD2B48 /* FavoriteMovieStorage.swift */,
				DD4C9EFA28DE0DF800BD2B48 /* FavoriteStorage.swift */,
				DD4C9EFC28DE108B00BD2B48 /* FavoriteTVSerieStorage.swift */,
				DD4C9EFE28DE16B900BD2B48 /* FavoriteArtistStorage.swift */,
			);
			path = Storage;
			sourceTree = "<group>";
		};
		DD5DE053265ED67300E06B4B /* Entity */ = {
			isa = PBXGroup;
			children = (
				DD5DE057265EDD3800E06B4B /* DiscoverSectionItemEntity.swift */,
				1EB545DA2673E930008BDE2A /* AritstEntity.swift */,
			);
			path = Entity;
			sourceTree = "<group>";
		};
		DD9DB3412798889C00F26D5A /* Static */ = {
			isa = PBXGroup;
			children = (
				1E62DF7126C68BA90003400E /* ISO639_1.swift */,
				1E62DF7226C68BA90003400E /* ISO3166_2.swift */,
			);
			path = Static;
			sourceTree = "<group>";
		};
		DDB8B95F2896C09700E7F569 /* NetworkManager */ = {
			isa = PBXGroup;
			children = (
				DDCDE56828D90D9A0081AD87 /* MediaStrategy */,
				DDB8B9942899CD6600E7F569 /* Fetchers */,
				DDB8B9792896DD7F00E7F569 /* Services */,
				DDB8B9722896C41400E7F569 /* Requests */,
				DDB8B9712896C3FB00E7F569 /* Network */,
				DDB8B9702896C3E400E7F569 /* Parser */,
				DDB8B9662896C0E900E7F569 /* NetworkRequest.swift */,
				DDB8B9682896C0F700E7F569 /* RequestType.swift */,
				DDB8B96A2896C10900E7F569 /* APIConstants.swift */,
			);
			path = NetworkManager;
			sourceTree = "<group>";
		};
		DDB8B9702896C3E400E7F569 /* Parser */ = {
			isa = PBXGroup;
			children = (
				DDB8B9602896C0AC00E7F569 /* DataParser.swift */,
			);
			path = Parser;
			sourceTree = "<group>";
		};
		DDB8B9712896C3FB00E7F569 /* Network */ = {
			isa = PBXGroup;
			children = (
				DDB8B9622896C0BF00E7F569 /* APIManager.swift */,
				DDB8B9642896C0CF00E7F569 /* NetworkError.swift */,
				DDB8B96C2896C14D00E7F569 /* RequestManager.swift */,
			);
			path = Network;
			sourceTree = "<group>";
		};
		DDB8B9722896C41400E7F569 /* Requests */ = {
			isa = PBXGroup;
			children = (
				DDB8B96E2896C3CE00E7F569 /* MovieRequest.swift */,
				DDB8B9732896D32900E7F569 /* TVRequest.swift */,
				DDB8B9772896D71400E7F569 /* ArtistRequest.swift */,
				DD5D490E28D7AE7400FD1B10 /* MediaNetworkRequest.swift */,
			);
			path = Requests;
			sourceTree = "<group>";
		};
		DDB8B9792896DD7F00E7F569 /* Services */ = {
			isa = PBXGroup;
			children = (
				DDB8B97A2896DD8C00E7F569 /* MovieService.swift */,
				DDB8B9862896E99700E7F569 /* TVService.swift */,
				DDB8B9882896F63600E7F569 /* ArtistService.swift */,
				DDCDE57A28DA77740081AD87 /* MediaService.swift */,
			);
			path = Services;
			sourceTree = "<group>";
		};
		DDB8B97C2896DFCB00E7F569 /* Models */ = {
			isa = PBXGroup;
			children = (
				DDB8B97E2896DFE600E7F569 /* CommonEntity.swift */,
				DDB8B9802896E00500E7F569 /* ResponseEntity.swift */,
				DDB8B9822896E01800E7F569 /* WathableEntity.swift */,
				DDB8B98C2899BD6D00E7F569 /* PersonEntity.swift */,
				DDB8B98E2899BDF500E7F569 /* MovieEntity.swift */,
				DDB8B9902899BE2700E7F569 /* TVSerieEntity.swift */,
			);
			path = Models;
			sourceTree = "<group>";
		};
		DDB8B9942899CD6600E7F569 /* Fetchers */ = {
			isa = PBXGroup;
			children = (
				DDB8B9992899CE5E00E7F569 /* Fetchable.swift */,
				DDB8B99B2899DC5E00E7F569 /* ArtistFetcher.swift */,
				DDCDE56628D90D1C0081AD87 /* MediaFetcher.swift */,
			);
			path = Fetchers;
			sourceTree = "<group>";
		};
		DDB8B99D289BB11800E7F569 /* Mappers */ = {
			isa = PBXGroup;
			children = (
				DDB8B99E289BB13600E7F569 /* WatchableToMediaMapper.swift */,
			);
			path = Mappers;
			sourceTree = "<group>";
		};
		DDCDE56828D90D9A0081AD87 /* MediaStrategy */ = {
			isa = PBXGroup;
			children = (
				DDCDE56928D90DAE0081AD87 /* MediaStrategy.swift */,
				DDCDE56B28D90EF40081AD87 /* PopularMoviesFetchStrategy.swift */,
				DDCDE56D28D90F670081AD87 /* UpcomingMoviesFetchStrategy.swift */,
				DDCDE56F28D90F850081AD87 /* NowPlayingMoviesFetchStrategy.swift */,
				DDCDE57128D90FE40081AD87 /* AiringTodaySeriesFetchStrategy.swift */,
				DDCDE57428D9100E0081AD87 /* OnTheAirSeriesFetchStrategy.swift */,
				DDCDE57628D910270081AD87 /* PopularSeriesFetchStrategy.swift */,
			);
			path = MediaStrategy;
			sourceTree = "<group>";
		};
/* End PBXGroup section */

/* Begin PBXNativeTarget section */
		DD04546D260A171900DFEFE6 /* Watchlist */ = {
			isa = PBXNativeTarget;
			buildConfigurationList = DD045498260A171D00DFEFE6 /* Build configuration list for PBXNativeTarget "Watchlist" */;
			buildPhases = (
				F5204F6EC97F1DE4C8AAC890 /* [CP] Check Pods Manifest.lock */,
				DD04546A260A171900DFEFE6 /* Sources */,
				DD04546B260A171900DFEFE6 /* Frameworks */,
				DD04546C260A171900DFEFE6 /* Resources */,
				DD951E8E28A0EBFC00701111 /* ShellScript */,
			);
			buildRules = (
			);
			dependencies = (
			);
			name = Watchlist;
			packageProductDependencies = (
				DD951E9028A1037D00701111 /* CachedAsyncImage */,
			);
			productName = Watchlist;
			productReference = DD04546E260A171900DFEFE6 /* Watchlist.app */;
			productType = "com.apple.product-type.application";
		};
		DD045483260A171D00DFEFE6 /* WatchlistTests */ = {
			isa = PBXNativeTarget;
			buildConfigurationList = DD04549B260A171D00DFEFE6 /* Build configuration list for PBXNativeTarget "WatchlistTests" */;
			buildPhases = (
				DD045480260A171D00DFEFE6 /* Sources */,
				DD045481260A171D00DFEFE6 /* Frameworks */,
				DD045482260A171D00DFEFE6 /* Resources */,
			);
			buildRules = (
			);
			dependencies = (
				DD045486260A171D00DFEFE6 /* PBXTargetDependency */,
			);
			name = WatchlistTests;
			productName = WatchlistTests;
			productReference = DD045484260A171D00DFEFE6 /* WatchlistTests.xctest */;
			productType = "com.apple.product-type.bundle.unit-test";
		};
		DD04548E260A171D00DFEFE6 /* WatchlistUITests */ = {
			isa = PBXNativeTarget;
			buildConfigurationList = DD04549E260A171D00DFEFE6 /* Build configuration list for PBXNativeTarget "WatchlistUITests" */;
			buildPhases = (
				DD04548B260A171D00DFEFE6 /* Sources */,
				DD04548C260A171D00DFEFE6 /* Frameworks */,
				DD04548D260A171D00DFEFE6 /* Resources */,
			);
			buildRules = (
			);
			dependencies = (
				DD045491260A171D00DFEFE6 /* PBXTargetDependency */,
			);
			name = WatchlistUITests;
			productName = WatchlistUITests;
			productReference = DD04548F260A171D00DFEFE6 /* WatchlistUITests.xctest */;
			productType = "com.apple.product-type.bundle.ui-testing";
		};
/* End PBXNativeTarget section */

/* Begin PBXProject section */
		DD045466260A171900DFEFE6 /* Project object */ = {
			isa = PBXProject;
			attributes = {
				LastSwiftUpdateCheck = 1240;
				LastUpgradeCheck = 1240;
				TargetAttributes = {
					DD04546D260A171900DFEFE6 = {
						CreatedOnToolsVersion = 12.4;
					};
					DD045483260A171D00DFEFE6 = {
						CreatedOnToolsVersion = 12.4;
						TestTargetID = DD04546D260A171900DFEFE6;
					};
					DD04548E260A171D00DFEFE6 = {
						CreatedOnToolsVersion = 12.4;
						TestTargetID = DD04546D260A171900DFEFE6;
					};
				};
			};
			buildConfigurationList = DD045469260A171900DFEFE6 /* Build configuration list for PBXProject "Watchlist" */;
			compatibilityVersion = "Xcode 13.0";
			developmentRegion = en;
			hasScannedForEncodings = 0;
			knownRegions = (
				en,
				Base,
			);
			mainGroup = DD045465260A171900DFEFE6;
			packageReferences = (
				DD951E8F28A1037D00701111 /* XCRemoteSwiftPackageReference "swiftui-cached-async-image" */,
			);
			productRefGroup = DD04546F260A171900DFEFE6 /* Products */;
			projectDirPath = "";
			projectRoot = "";
			targets = (
				DD04546D260A171900DFEFE6 /* Watchlist */,
				DD045483260A171D00DFEFE6 /* WatchlistTests */,
				DD04548E260A171D00DFEFE6 /* WatchlistUITests */,
			);
		};
/* End PBXProject section */

/* Begin PBXResourcesBuildPhase section */
		DD04546C260A171900DFEFE6 /* Resources */ = {
			isa = PBXResourcesBuildPhase;
			buildActionMask = 2147483647;
			files = (
				DD045479260A171C00DFEFE6 /* Preview Assets.xcassets in Resources */,
				DD045476260A171C00DFEFE6 /* Assets.xcassets in Resources */,
			);
			runOnlyForDeploymentPostprocessing = 0;
		};
		DD045482260A171D00DFEFE6 /* Resources */ = {
			isa = PBXResourcesBuildPhase;
			buildActionMask = 2147483647;
			files = (
			);
			runOnlyForDeploymentPostprocessing = 0;
		};
		DD04548D260A171D00DFEFE6 /* Resources */ = {
			isa = PBXResourcesBuildPhase;
			buildActionMask = 2147483647;
			files = (
			);
			runOnlyForDeploymentPostprocessing = 0;
		};
/* End PBXResourcesBuildPhase section */

/* Begin PBXShellScriptBuildPhase section */
		DD951E8E28A0EBFC00701111 /* ShellScript */ = {
			isa = PBXShellScriptBuildPhase;
			buildActionMask = 2147483647;
			files = (
			);
			inputFileListPaths = (
			);
			inputPaths = (
			);
			outputFileListPaths = (
			);
			outputPaths = (
			);
			runOnlyForDeploymentPostprocessing = 0;
			shellPath = /bin/sh;
			shellScript = "# Type a script or drag a script file from your workspace to insert its path.\nexport PATH=\"$PATH:/opt/homebrew/bin\"\nif which swiftlint > /dev/null; then\n  swiftlint\nelse\n  echo \"warning: SwiftLint not installed, download from https://github.com/realm/SwiftLint\"\nfi\n";
		};
		F5204F6EC97F1DE4C8AAC890 /* [CP] Check Pods Manifest.lock */ = {
			isa = PBXShellScriptBuildPhase;
			buildActionMask = 2147483647;
			files = (
			);
			inputFileListPaths = (
			);
			inputPaths = (
				"${PODS_PODFILE_DIR_PATH}/Podfile.lock",
				"${PODS_ROOT}/Manifest.lock",
			);
			name = "[CP] Check Pods Manifest.lock";
			outputFileListPaths = (
			);
			outputPaths = (
				"$(DERIVED_FILE_DIR)/Pods-Watchlist-checkManifestLockResult.txt",
			);
			runOnlyForDeploymentPostprocessing = 0;
			shellPath = /bin/sh;
			shellScript = "diff \"${PODS_PODFILE_DIR_PATH}/Podfile.lock\" \"${PODS_ROOT}/Manifest.lock\" > /dev/null\nif [ $? != 0 ] ; then\n    # print error to STDERR\n    echo \"error: The sandbox is not in sync with the Podfile.lock. Run 'pod install' or update your CocoaPods installation.\" >&2\n    exit 1\nfi\n# This output is used by Xcode 'outputs' to avoid re-running this script phase.\necho \"SUCCESS\" > \"${SCRIPT_OUTPUT_FILE_0}\"\n";
			showEnvVarsInLog = 0;
		};
/* End PBXShellScriptBuildPhase section */

/* Begin PBXSourcesBuildPhase section */
		DD04546A260A171900DFEFE6 /* Sources */ = {
			isa = PBXSourcesBuildPhase;
			buildActionMask = 2147483647;
			files = (
				DDB8B9632896C0BF00E7F569 /* APIManager.swift in Sources */,
				DDB8B98D2899BD6D00E7F569 /* PersonEntity.swift in Sources */,
				1E632C6D26ECF5C5005780FD /* ArtistDetailInteractor.swift in Sources */,
				1EB545D12673E48C008BDE2A /* ArtistInteractor.swift in Sources */,
				DDB8B99C2899DC5E00E7F569 /* ArtistFetcher.swift in Sources */,
				1E2AD90926ED0D3C00EBB78D /* ArtistDetailEntity.swift in Sources */,
				1ED9C3AB267571660030A62B /* MediaListPresenter.swift in Sources */,
				DDB8B9932899BE4500E7F569 /* APIError.swift in Sources */,
				DDD9517C278CB4B2009695C2 /* CommonMocks.swift in Sources */,
				DD02ECD128DF9CE100D230F9 /* FavoritesInteractor.swift in Sources */,
				1E88CF3326755A410066D6AB /* MediaListView.swift in Sources */,
				1EB545DB2673E930008BDE2A /* AritstEntity.swift in Sources */,
				DD4BB7E0264CAF4400E07C5F /* DiscoverPresenter.swift in Sources */,
				DDCDE56E28D90F670081AD87 /* UpcomingMoviesFetchStrategy.swift in Sources */,
				DD4BB7AF264C54AD00E07C5F /* DashboardView.swift in Sources */,
				DD4BB7CC264CA21C00E07C5F /* DiscoverView.swift in Sources */,
				1E0AA5A926C41E3D00B3C7F5 /* MediaCastInteractor.swift in Sources */,
				1E71A19826E939A900AD4055 /* CastEntity.swift in Sources */,
				DDCDE57028D90F850081AD87 /* NowPlayingMoviesFetchStrategy.swift in Sources */,
				1E85901326926E7200901E03 /* MediaDetailView.swift in Sources */,
				DD4BB7D6264CA5C400E07C5F /* ArtistsView.swift in Sources */,
				1EB545CC2673DF4B008BDE2A /* ArtistItemView.swift in Sources */,
				1ED9C3A626756DC90030A62B /* MediaListItemView.swift in Sources */,
				DDB8B9782896D71400E7F569 /* ArtistRequest.swift in Sources */,
				DDB8B9832896E01800E7F569 /* WathableEntity.swift in Sources */,
				1E8CF81F26800482003BDB35 /* View+Extensions.swift in Sources */,
				DD02ECCD28DF9C7400D230F9 /* FavoritesView.swift in Sources */,
				1E0AA5A726C41DDD00B3C7F5 /* MediaCastView.swift in Sources */,
				DD04547B260A171C00DFEFE6 /* Persistence.swift in Sources */,
				DDB8B9872896E99700E7F569 /* TVService.swift in Sources */,
				DD4C9EF928DE0C2A00BD2B48 /* FavoriteMovieStorage.swift in Sources */,
				DDB8B9912899BE2700E7F569 /* TVSerieEntity.swift in Sources */,
				DDB8B9742896D32900E7F569 /* TVRequest.swift in Sources */,
				DDCDE57B28DA77740081AD87 /* MediaService.swift in Sources */,
				DD04547E260A171C00DFEFE6 /* Watchlist.xcdatamodeld in Sources */,
				1ECB346126C5AA5300735CAE /* MediaDetailEntity.swift in Sources */,
				DDB8B9612896C0AC00E7F569 /* DataParser.swift in Sources */,
				DD4C9EFB28DE0DF800BD2B48 /* FavoriteStorage.swift in Sources */,
				1ED9C3B0267571720030A62B /* MediaInteractor.swift in Sources */,
				1E0AA5AB26C41E5100B3C7F5 /* MediaCastPresenter.swift in Sources */,
				DDB8B98F2899BDF500E7F569 /* MovieEntity.swift in Sources */,
				DDD9513E278123AA009695C2 /* ConstantTexts.swift in Sources */,
				1ED91A4B273B33FA00676C9E /* MediaCreditEntity.swift in Sources */,
				1E09E4A226C876290015574C /* NavigationConfigurator.swift in Sources */,
				1EB8DE6126C07FE400DE2522 /* MediaDetailTabView.swift in Sources */,
				DD4C9EFD28DE108B00BD2B48 /* FavoriteTVSerieStorage.swift in Sources */,
				DDB8B97F2896DFE600E7F569 /* CommonEntity.swift in Sources */,
				DD4BB79A264C02F600E07C5F /* Color+Extensions.swift in Sources */,
				1ED9C3A126755D0B0030A62B /* StarsView.swift in Sources */,
				DDB8B96B2896C10900E7F569 /* APIConstants.swift in Sources */,
				1E8CF81A2680044D003BDB35 /* HideNavigationBarModifier.swift in Sources */,
				DD02ECCF28DF9C9D00D230F9 /* FavoritesPresenter.swift in Sources */,
				1E2AD90B26ED1D1F00EBB78D /* ArtistDetailTabView.swift in Sources */,
				DDB8B99A2899CE5E00E7F569 /* Fetchable.swift in Sources */,
				1EBC9EE0272CA98100669463 /* ArtistImageEntity.swift in Sources */,
				DDB8B96F2896C3CE00E7F569 /* MovieRequest.swift in Sources */,
				DDCDE56728D90D1C0081AD87 /* MediaFetcher.swift in Sources */,
				DDB8B9672896C0E900E7F569 /* NetworkRequest.swift in Sources */,
				DD5DE058265EDD3800E06B4B /* DiscoverSectionItemEntity.swift in Sources */,
				1E8BA16826E80DCB0027CBD3 /* MediaType.swift in Sources */,
				DDCDE57528D9100E0081AD87 /* OnTheAirSeriesFetchStrategy.swift in Sources */,
				DD5DE043265D96D500E06B4B /* DiscoverSliceItem.swift in Sources */,
				DDB8B96D2896C14D00E7F569 /* RequestManager.swift in Sources */,
				DDB8B9812896E00500E7F569 /* ResponseEntity.swift in Sources */,
				DDB8B97B2896DD8C00E7F569 /* MovieService.swift in Sources */,
				DDCDE57728D910270081AD87 /* PopularSeriesFetchStrategy.swift in Sources */,
				DDB8B9692896C0F700E7F569 /* RequestType.swift in Sources */,
				DDB8B99F289BB13600E7F569 /* WatchableToMediaMapper.swift in Sources */,
				1E71A19426E9391000AD4055 /* CastPresenter.swift in Sources */,
				1E62DF7326C68BA90003400E /* ISO639_1.swift in Sources */,
				DDCDE56C28D90EF40081AD87 /* PopularMoviesFetchStrategy.swift in Sources */,
				1E0AA5AD26C422F300B3C7F5 /* MediaDetailPresenter.swift in Sources */,
				1E2AD90726ECFDB200EBB78D /* ArtistDetailPresenter.swift in Sources */,
				DDCDE57228D90FE40081AD87 /* AiringTodaySeriesFetchStrategy.swift in Sources */,
				1E71A19626E9391C00AD4055 /* CastInteractor.swift in Sources */,
				DDB8B9652896C0CF00E7F569 /* NetworkError.swift in Sources */,
				DDCDE56A28D90DAE0081AD87 /* MediaStrategy.swift in Sources */,
				DD4C9EFF28DE16B900BD2B48 /* FavoriteArtistStorage.swift in Sources */,
				1E71A19C26E97A2A00AD4055 /* CastMemberEntity.swift in Sources */,
				1E0AA5AF26C4230900B3C7F5 /* MediaDetailInteractor.swift in Sources */,
				1EA727442676CD6B0002BF85 /* MediaSection.swift in Sources */,
				DDB8B9892896F63600E7F569 /* ArtistService.swift in Sources */,
				1E62DF7426C68BA90003400E /* ISO3166_2.swift in Sources */,
				1E8C1B082665AED900622665 /* DiscoverSlice.swift in Sources */,
				1E71A19A26E93B3C00AD4055 /* CastItemView.swift in Sources */,
				1E71A19226E938E100AD4055 /* CastView.swift in Sources */,
				DD045474260A171900DFEFE6 /* ContentView.swift in Sources */,
				DD5D490F28D7AE7400FD1B10 /* MediaNetworkRequest.swift in Sources */,
				DD045472260A171900DFEFE6 /* WatchlistApp.swift in Sources */,
				1E632C6B26ECF58D005780FD /* ArtistDetailView.swift in Sources */,
				1EB545D62673E497008BDE2A /* ArtistPresenter.swift in Sources */,
			);
			runOnlyForDeploymentPostprocessing = 0;
		};
		DD045480260A171D00DFEFE6 /* Sources */ = {
			isa = PBXSourcesBuildPhase;
			buildActionMask = 2147483647;
			files = (
				DD5D490D28D745A400FD1B10 /* RequestManagerMock.swift in Sources */,
				DD358D0028D67C29004F62F6 /* MovieListInteractorMock.swift in Sources */,
				DD045489260A171D00DFEFE6 /* WatchlistTests.swift in Sources */,
				DD358CFE28D67A77004F62F6 /* CastInteractorMock.swift in Sources */,
			);
			runOnlyForDeploymentPostprocessing = 0;
		};
		DD04548B260A171D00DFEFE6 /* Sources */ = {
			isa = PBXSourcesBuildPhase;
			buildActionMask = 2147483647;
			files = (
				DD045494260A171D00DFEFE6 /* WatchlistUITests.swift in Sources */,
			);
			runOnlyForDeploymentPostprocessing = 0;
		};
/* End PBXSourcesBuildPhase section */

/* Begin PBXTargetDependency section */
		DD045486260A171D00DFEFE6 /* PBXTargetDependency */ = {
			isa = PBXTargetDependency;
			target = DD04546D260A171900DFEFE6 /* Watchlist */;
			targetProxy = DD045485260A171D00DFEFE6 /* PBXContainerItemProxy */;
		};
		DD045491260A171D00DFEFE6 /* PBXTargetDependency */ = {
			isa = PBXTargetDependency;
			target = DD04546D260A171900DFEFE6 /* Watchlist */;
			targetProxy = DD045490260A171D00DFEFE6 /* PBXContainerItemProxy */;
		};
/* End PBXTargetDependency section */

/* Begin XCBuildConfiguration section */
		DD045496260A171D00DFEFE6 /* Debug */ = {
			isa = XCBuildConfiguration;
			buildSettings = {
				ALWAYS_SEARCH_USER_PATHS = NO;
				CLANG_ANALYZER_NONNULL = YES;
				CLANG_ANALYZER_NUMBER_OBJECT_CONVERSION = YES_AGGRESSIVE;
				CLANG_CXX_LANGUAGE_STANDARD = "gnu++14";
				CLANG_CXX_LIBRARY = "libc++";
				CLANG_ENABLE_MODULES = YES;
				CLANG_ENABLE_OBJC_ARC = YES;
				CLANG_ENABLE_OBJC_WEAK = YES;
				CLANG_WARN_BLOCK_CAPTURE_AUTORELEASING = YES;
				CLANG_WARN_BOOL_CONVERSION = YES;
				CLANG_WARN_COMMA = YES;
				CLANG_WARN_CONSTANT_CONVERSION = YES;
				CLANG_WARN_DEPRECATED_OBJC_IMPLEMENTATIONS = YES;
				CLANG_WARN_DIRECT_OBJC_ISA_USAGE = YES_ERROR;
				CLANG_WARN_DOCUMENTATION_COMMENTS = YES;
				CLANG_WARN_EMPTY_BODY = YES;
				CLANG_WARN_ENUM_CONVERSION = YES;
				CLANG_WARN_INFINITE_RECURSION = YES;
				CLANG_WARN_INT_CONVERSION = YES;
				CLANG_WARN_NON_LITERAL_NULL_CONVERSION = YES;
				CLANG_WARN_OBJC_IMPLICIT_RETAIN_SELF = YES;
				CLANG_WARN_OBJC_LITERAL_CONVERSION = YES;
				CLANG_WARN_OBJC_ROOT_CLASS = YES_ERROR;
				CLANG_WARN_QUOTED_INCLUDE_IN_FRAMEWORK_HEADER = YES;
				CLANG_WARN_RANGE_LOOP_ANALYSIS = YES;
				CLANG_WARN_STRICT_PROTOTYPES = YES;
				CLANG_WARN_SUSPICIOUS_MOVE = YES;
				CLANG_WARN_UNGUARDED_AVAILABILITY = YES_AGGRESSIVE;
				CLANG_WARN_UNREACHABLE_CODE = YES;
				CLANG_WARN__DUPLICATE_METHOD_MATCH = YES;
				COPY_PHASE_STRIP = NO;
				DEBUG_INFORMATION_FORMAT = dwarf;
				ENABLE_STRICT_OBJC_MSGSEND = YES;
				ENABLE_TESTABILITY = YES;
				GCC_C_LANGUAGE_STANDARD = gnu11;
				GCC_DYNAMIC_NO_PIC = NO;
				GCC_NO_COMMON_BLOCKS = YES;
				GCC_OPTIMIZATION_LEVEL = 0;
				GCC_PREPROCESSOR_DEFINITIONS = (
					"DEBUG=1",
					"$(inherited)",
				);
				GCC_WARN_64_TO_32_BIT_CONVERSION = YES;
				GCC_WARN_ABOUT_RETURN_TYPE = YES_ERROR;
				GCC_WARN_UNDECLARED_SELECTOR = YES;
				GCC_WARN_UNINITIALIZED_AUTOS = YES_AGGRESSIVE;
				GCC_WARN_UNUSED_FUNCTION = YES;
				GCC_WARN_UNUSED_VARIABLE = YES;
				IPHONEOS_DEPLOYMENT_TARGET = 16.0;
				MTL_ENABLE_DEBUG_INFO = INCLUDE_SOURCE;
				MTL_FAST_MATH = YES;
				ONLY_ACTIVE_ARCH = YES;
				SDKROOT = iphoneos;
				SWIFT_ACTIVE_COMPILATION_CONDITIONS = DEBUG;
				SWIFT_OPTIMIZATION_LEVEL = "-Onone";
			};
			name = Debug;
		};
		DD045497260A171D00DFEFE6 /* Release */ = {
			isa = XCBuildConfiguration;
			buildSettings = {
				ALWAYS_SEARCH_USER_PATHS = NO;
				CLANG_ANALYZER_NONNULL = YES;
				CLANG_ANALYZER_NUMBER_OBJECT_CONVERSION = YES_AGGRESSIVE;
				CLANG_CXX_LANGUAGE_STANDARD = "gnu++14";
				CLANG_CXX_LIBRARY = "libc++";
				CLANG_ENABLE_MODULES = YES;
				CLANG_ENABLE_OBJC_ARC = YES;
				CLANG_ENABLE_OBJC_WEAK = YES;
				CLANG_WARN_BLOCK_CAPTURE_AUTORELEASING = YES;
				CLANG_WARN_BOOL_CONVERSION = YES;
				CLANG_WARN_COMMA = YES;
				CLANG_WARN_CONSTANT_CONVERSION = YES;
				CLANG_WARN_DEPRECATED_OBJC_IMPLEMENTATIONS = YES;
				CLANG_WARN_DIRECT_OBJC_ISA_USAGE = YES_ERROR;
				CLANG_WARN_DOCUMENTATION_COMMENTS = YES;
				CLANG_WARN_EMPTY_BODY = YES;
				CLANG_WARN_ENUM_CONVERSION = YES;
				CLANG_WARN_INFINITE_RECURSION = YES;
				CLANG_WARN_INT_CONVERSION = YES;
				CLANG_WARN_NON_LITERAL_NULL_CONVERSION = YES;
				CLANG_WARN_OBJC_IMPLICIT_RETAIN_SELF = YES;
				CLANG_WARN_OBJC_LITERAL_CONVERSION = YES;
				CLANG_WARN_OBJC_ROOT_CLASS = YES_ERROR;
				CLANG_WARN_QUOTED_INCLUDE_IN_FRAMEWORK_HEADER = YES;
				CLANG_WARN_RANGE_LOOP_ANALYSIS = YES;
				CLANG_WARN_STRICT_PROTOTYPES = YES;
				CLANG_WARN_SUSPICIOUS_MOVE = YES;
				CLANG_WARN_UNGUARDED_AVAILABILITY = YES_AGGRESSIVE;
				CLANG_WARN_UNREACHABLE_CODE = YES;
				CLANG_WARN__DUPLICATE_METHOD_MATCH = YES;
				COPY_PHASE_STRIP = NO;
				DEBUG_INFORMATION_FORMAT = "dwarf-with-dsym";
				ENABLE_NS_ASSERTIONS = NO;
				ENABLE_STRICT_OBJC_MSGSEND = YES;
				GCC_C_LANGUAGE_STANDARD = gnu11;
				GCC_NO_COMMON_BLOCKS = YES;
				GCC_WARN_64_TO_32_BIT_CONVERSION = YES;
				GCC_WARN_ABOUT_RETURN_TYPE = YES_ERROR;
				GCC_WARN_UNDECLARED_SELECTOR = YES;
				GCC_WARN_UNINITIALIZED_AUTOS = YES_AGGRESSIVE;
				GCC_WARN_UNUSED_FUNCTION = YES;
				GCC_WARN_UNUSED_VARIABLE = YES;
				IPHONEOS_DEPLOYMENT_TARGET = 16.0;
				MTL_ENABLE_DEBUG_INFO = NO;
				MTL_FAST_MATH = YES;
				SDKROOT = iphoneos;
				SWIFT_COMPILATION_MODE = wholemodule;
				SWIFT_OPTIMIZATION_LEVEL = "-O";
				VALIDATE_PRODUCT = YES;
			};
			name = Release;
		};
		DD045499260A171D00DFEFE6 /* Debug */ = {
			isa = XCBuildConfiguration;
			baseConfigurationReference = 5F5554330EDD96C406AFA559 /* Pods-Watchlist.debug.xcconfig */;
			buildSettings = {
				ASSETCATALOG_COMPILER_APPICON_NAME = AppIcon;
				ASSETCATALOG_COMPILER_GLOBAL_ACCENT_COLOR_NAME = AccentColor;
				CODE_SIGN_STYLE = Automatic;
				DEVELOPMENT_ASSET_PATHS = "\"Watchlist/Preview Content\"";
				DEVELOPMENT_TEAM = K8CQ9C2992;
				ENABLE_PREVIEWS = YES;
				INFOPLIST_FILE = Watchlist/Info.plist;
				IPHONEOS_DEPLOYMENT_TARGET = 16.0;
				LD_RUNPATH_SEARCH_PATHS = (
					"$(inherited)",
					"@executable_path/Frameworks",
				);
				PRODUCT_BUNDLE_IDENTIFIER = com.yeser.Watchlist;
				PRODUCT_NAME = "$(TARGET_NAME)";
				SWIFT_VERSION = 5.0;
				TARGETED_DEVICE_FAMILY = "1,2";
			};
			name = Debug;
		};
		DD04549A260A171D00DFEFE6 /* Release */ = {
			isa = XCBuildConfiguration;
			baseConfigurationReference = 732A028465C9784CEAD0DEC5 /* Pods-Watchlist.release.xcconfig */;
			buildSettings = {
				ASSETCATALOG_COMPILER_APPICON_NAME = AppIcon;
				ASSETCATALOG_COMPILER_GLOBAL_ACCENT_COLOR_NAME = AccentColor;
				CODE_SIGN_STYLE = Automatic;
				DEVELOPMENT_ASSET_PATHS = "\"Watchlist/Preview Content\"";
				DEVELOPMENT_TEAM = K8CQ9C2992;
				ENABLE_PREVIEWS = YES;
				INFOPLIST_FILE = Watchlist/Info.plist;
				IPHONEOS_DEPLOYMENT_TARGET = 16.0;
				LD_RUNPATH_SEARCH_PATHS = (
					"$(inherited)",
					"@executable_path/Frameworks",
				);
				PRODUCT_BUNDLE_IDENTIFIER = com.yeser.Watchlist;
				PRODUCT_NAME = "$(TARGET_NAME)";
				SWIFT_VERSION = 5.0;
				TARGETED_DEVICE_FAMILY = "1,2";
			};
			name = Release;
		};
		DD04549C260A171D00DFEFE6 /* Debug */ = {
			isa = XCBuildConfiguration;
			buildSettings = {
				ALWAYS_EMBED_SWIFT_STANDARD_LIBRARIES = YES;
				BUNDLE_LOADER = "$(TEST_HOST)";
				CODE_SIGN_STYLE = Automatic;
				INFOPLIST_FILE = WatchlistTests/Info.plist;
				IPHONEOS_DEPLOYMENT_TARGET = 16.0;
				LD_RUNPATH_SEARCH_PATHS = (
					"$(inherited)",
					"@executable_path/Frameworks",
					"@loader_path/Frameworks",
				);
				PRODUCT_BUNDLE_IDENTIFIER = com.yeser.WatchlistTests;
				PRODUCT_NAME = "$(TARGET_NAME)";
				SWIFT_VERSION = 5.0;
				TARGETED_DEVICE_FAMILY = "1,2";
				TEST_HOST = "$(BUILT_PRODUCTS_DIR)/Watchlist.app/Watchlist";
			};
			name = Debug;
		};
		DD04549D260A171D00DFEFE6 /* Release */ = {
			isa = XCBuildConfiguration;
			buildSettings = {
				ALWAYS_EMBED_SWIFT_STANDARD_LIBRARIES = YES;
				BUNDLE_LOADER = "$(TEST_HOST)";
				CODE_SIGN_STYLE = Automatic;
				INFOPLIST_FILE = WatchlistTests/Info.plist;
				IPHONEOS_DEPLOYMENT_TARGET = 16.0;
				LD_RUNPATH_SEARCH_PATHS = (
					"$(inherited)",
					"@executable_path/Frameworks",
					"@loader_path/Frameworks",
				);
				PRODUCT_BUNDLE_IDENTIFIER = com.yeser.WatchlistTests;
				PRODUCT_NAME = "$(TARGET_NAME)";
				SWIFT_VERSION = 5.0;
				TARGETED_DEVICE_FAMILY = "1,2";
				TEST_HOST = "$(BUILT_PRODUCTS_DIR)/Watchlist.app/Watchlist";
			};
			name = Release;
		};
		DD04549F260A171D00DFEFE6 /* Debug */ = {
			isa = XCBuildConfiguration;
			buildSettings = {
				ALWAYS_EMBED_SWIFT_STANDARD_LIBRARIES = YES;
				CODE_SIGN_STYLE = Automatic;
				INFOPLIST_FILE = WatchlistUITests/Info.plist;
				LD_RUNPATH_SEARCH_PATHS = (
					"$(inherited)",
					"@executable_path/Frameworks",
					"@loader_path/Frameworks",
				);
				PRODUCT_BUNDLE_IDENTIFIER = com.yeser.WatchlistUITests;
				PRODUCT_NAME = "$(TARGET_NAME)";
				SWIFT_VERSION = 5.0;
				TARGETED_DEVICE_FAMILY = "1,2";
				TEST_TARGET_NAME = Watchlist;
			};
			name = Debug;
		};
		DD0454A0260A171D00DFEFE6 /* Release */ = {
			isa = XCBuildConfiguration;
			buildSettings = {
				ALWAYS_EMBED_SWIFT_STANDARD_LIBRARIES = YES;
				CODE_SIGN_STYLE = Automatic;
				INFOPLIST_FILE = WatchlistUITests/Info.plist;
				LD_RUNPATH_SEARCH_PATHS = (
					"$(inherited)",
					"@executable_path/Frameworks",
					"@loader_path/Frameworks",
				);
				PRODUCT_BUNDLE_IDENTIFIER = com.yeser.WatchlistUITests;
				PRODUCT_NAME = "$(TARGET_NAME)";
				SWIFT_VERSION = 5.0;
				TARGETED_DEVICE_FAMILY = "1,2";
				TEST_TARGET_NAME = Watchlist;
			};
			name = Release;
		};
/* End XCBuildConfiguration section */

/* Begin XCConfigurationList section */
		DD045469260A171900DFEFE6 /* Build configuration list for PBXProject "Watchlist" */ = {
			isa = XCConfigurationList;
			buildConfigurations = (
				DD045496260A171D00DFEFE6 /* Debug */,
				DD045497260A171D00DFEFE6 /* Release */,
			);
			defaultConfigurationIsVisible = 0;
			defaultConfigurationName = Release;
		};
		DD045498260A171D00DFEFE6 /* Build configuration list for PBXNativeTarget "Watchlist" */ = {
			isa = XCConfigurationList;
			buildConfigurations = (
				DD045499260A171D00DFEFE6 /* Debug */,
				DD04549A260A171D00DFEFE6 /* Release */,
			);
			defaultConfigurationIsVisible = 0;
			defaultConfigurationName = Release;
		};
		DD04549B260A171D00DFEFE6 /* Build configuration list for PBXNativeTarget "WatchlistTests" */ = {
			isa = XCConfigurationList;
			buildConfigurations = (
				DD04549C260A171D00DFEFE6 /* Debug */,
				DD04549D260A171D00DFEFE6 /* Release */,
			);
			defaultConfigurationIsVisible = 0;
			defaultConfigurationName = Release;
		};
		DD04549E260A171D00DFEFE6 /* Build configuration list for PBXNativeTarget "WatchlistUITests" */ = {
			isa = XCConfigurationList;
			buildConfigurations = (
				DD04549F260A171D00DFEFE6 /* Debug */,
				DD0454A0260A171D00DFEFE6 /* Release */,
			);
			defaultConfigurationIsVisible = 0;
			defaultConfigurationName = Release;
		};
/* End XCConfigurationList section */

/* Begin XCRemoteSwiftPackageReference section */
		DD951E8F28A1037D00701111 /* XCRemoteSwiftPackageReference "swiftui-cached-async-image" */ = {
			isa = XCRemoteSwiftPackageReference;
			repositoryURL = "https://github.com/lorenzofiamingo/swiftui-cached-async-image";
			requirement = {
				kind = upToNextMajorVersion;
				minimumVersion = 2.0.0;
			};
		};
/* End XCRemoteSwiftPackageReference section */

/* Begin XCSwiftPackageProductDependency section */
		DD951E9028A1037D00701111 /* CachedAsyncImage */ = {
			isa = XCSwiftPackageProductDependency;
			package = DD951E8F28A1037D00701111 /* XCRemoteSwiftPackageReference "swiftui-cached-async-image" */;
			productName = CachedAsyncImage;
		};
/* End XCSwiftPackageProductDependency section */

/* Begin XCVersionGroup section */
		DD04547C260A171C00DFEFE6 /* Watchlist.xcdatamodeld */ = {
			isa = XCVersionGroup;
			children = (
				DD04547D260A171C00DFEFE6 /* Watchlist.xcdatamodel */,
			);
			currentVersion = DD04547D260A171C00DFEFE6 /* Watchlist.xcdatamodel */;
			path = Watchlist.xcdatamodeld;
			sourceTree = "<group>";
			versionGroupType = wrapper.xcdatamodel;
		};
/* End XCVersionGroup section */
	};
	rootObject = DD045466260A171900DFEFE6 /* Project object */;
}
